
Microsoft Visual Studio Solution File, Format Version 12.00
# Visual Studio 14
VisualStudioVersion = 14.0.25420.1
MinimumVisualStudioVersion = 10.0.40219.1
Project("{FAE04EC0-301F-11D3-BF4B-00C04F79EFBC}") = "SimplestSample", "SimplestSample\SimplestSample\SimplestSample.csproj", "{9E27C9B9-0807-4E75-8F6B-B03875853C75}"
EndProject
Project("{FAE04EC0-301F-11D3-BF4B-00C04F79EFBC}") = "SimplestSample.Droid", "SimplestSample\SimplestSample.Droid\SimplestSample.Droid.csproj", "{EF7ABFCB-FF47-4733-A619-8E1C9AC326AA}"
EndProject
Project("{FAE04EC0-301F-11D3-BF4B-00C04F79EFBC}") = "SimplestSample.iOS", "SimplestSample\SimplestSample.iOS\SimplestSample.iOS.csproj", "{AF1F23C4-4950-43BF-A534-F0852A1A529A}"
EndProject
Project("{FAE04EC0-301F-11D3-BF4B-00C04F79EFBC}") = "SimplestSample.UWP", "SimplestSample\SimplestSample.UWP\SimplestSample.UWP.csproj", "{B5BB7E5C-68BB-4C9E-8DCA-7A0F1139FA3B}"
EndProject
Global
	GlobalSection(SolutionConfigurationPlatforms) = preSolution
		Ad-Hoc|Any CPU = Ad-Hoc|Any CPU
		Ad-Hoc|ARM = Ad-Hoc|ARM
		Ad-Hoc|iPhone = Ad-Hoc|iPhone
		Ad-Hoc|iPhoneSimulator = Ad-Hoc|iPhoneSimulator
		Ad-Hoc|x64 = Ad-Hoc|x64
		Ad-Hoc|x86 = Ad-Hoc|x86
		AppStore|Any CPU = AppStore|Any CPU
		AppStore|ARM = AppStore|ARM
		AppStore|iPhone = AppStore|iPhone
		AppStore|iPhoneSimulator = AppStore|iPhoneSimulator
		AppStore|x64 = AppStore|x64
		AppStore|x86 = AppStore|x86
		Debug|Any CPU = Debug|Any CPU
		Debug|ARM = Debug|ARM
		Debug|iPhone = Debug|iPhone
		Debug|iPhoneSimulator = Debug|iPhoneSimulator
		Debug|x64 = Debug|x64
		Debug|x86 = Debug|x86
		Release|Any CPU = Release|Any CPU
		Release|ARM = Release|ARM
		Release|iPhone = Release|iPhone
		Release|iPhoneSimulator = Release|iPhoneSimulator
		Release|x64 = Release|x64
		Release|x86 = Release|x86
	EndGlobalSection
	GlobalSection(ProjectConfigurationPlatforms) = postSolution
		{9E27C9B9-0807-4E75-8F6B-B03875853C75}.Ad-Hoc|Any CPU.ActiveCfg = Release|Any CPU
		{9E27C9B9-0807-4E75-8F6B-B03875853C75}.Ad-Hoc|Any CPU.Build.0 = Release|Any CPU
		{9E27C9B9-0807-4E75-8F6B-B03875853C75}.Ad-Hoc|ARM.ActiveCfg = Release|Any CPU
		{9E27C9B9-0807-4E75-8F6B-B03875853C75}.Ad-Hoc|ARM.Build.0 = Release|Any CPU
		{9E27C9B9-0807-4E75-8F6B-B03875853C75}.Ad-Hoc|iPhone.ActiveCfg = Release|Any CPU
		{9E27C9B9-0807-4E75-8F6B-B03875853C75}.Ad-Hoc|iPhone.Build.0 = Release|Any CPU
		{9E27C9B9-0807-4E75-8F6B-B03875853C75}.Ad-Hoc|iPhoneSimulator.ActiveCfg = Release|Any CPU
		{9E27C9B9-0807-4E75-8F6B-B03875853C75}.Ad-Hoc|iPhoneSimulator.Build.0 = Release|Any CPU
		{9E27C9B9-0807-4E75-8F6B-B03875853C75}.Ad-Hoc|x64.ActiveCfg = Release|Any CPU
		{9E27C9B9-0807-4E75-8F6B-B03875853C75}.Ad-Hoc|x64.Build.0 = Release|Any CPU
		{9E27C9B9-0807-4E75-8F6B-B03875853C75}.Ad-Hoc|x86.ActiveCfg = Release|Any CPU
		{9E27C9B9-0807-4E75-8F6B-B03875853C75}.Ad-Hoc|x86.Build.0 = Release|Any CPU
		{9E27C9B9-0807-4E75-8F6B-B03875853C75}.AppStore|Any CPU.ActiveCfg = Release|Any CPU
		{9E27C9B9-0807-4E75-8F6B-B03875853C75}.AppStore|Any CPU.Build.0 = Release|Any CPU
		{9E27C9B9-0807-4E75-8F6B-B03875853C75}.AppStore|ARM.ActiveCfg = Release|Any CPU
		{9E27C9B9-0807-4E75-8F6B-B03875853C75}.AppStore|ARM.Build.0 = Release|Any CPU
		{9E27C9B9-0807-4E75-8F6B-B03875853C75}.AppStore|iPhone.ActiveCfg = Release|Any CPU
		{9E27C9B9-0807-4E75-8F6B-B03875853C75}.AppStore|iPhone.Build.0 = Release|Any CPU
		{9E27C9B9-0807-4E75-8F6B-B03875853C75}.AppStore|iPhoneSimulator.ActiveCfg = Release|Any CPU
		{9E27C9B9-0807-4E75-8F6B-B03875853C75}.AppStore|iPhoneSimulator.Build.0 = Release|Any CPU
		{9E27C9B9-0807-4E75-8F6B-B03875853C75}.AppStore|x64.ActiveCfg = Release|Any CPU
		{9E27C9B9-0807-4E75-8F6B-B03875853C75}.AppStore|x64.Build.0 = Release|Any CPU
		{9E27C9B9-0807-4E75-8F6B-B03875853C75}.AppStore|x86.ActiveCfg = Release|Any CPU
		{9E27C9B9-0807-4E75-8F6B-B03875853C75}.AppStore|x86.Build.0 = Release|Any CPU
		{9E27C9B9-0807-4E75-8F6B-B03875853C75}.Debug|Any CPU.ActiveCfg = Debug|Any CPU
		{9E27C9B9-0807-4E75-8F6B-B03875853C75}.Debug|Any CPU.Build.0 = Debug|Any CPU
		{9E27C9B9-0807-4E75-8F6B-B03875853C75}.Debug|ARM.ActiveCfg = Debug|Any CPU
		{9E27C9B9-0807-4E75-8F6B-B03875853C75}.Debug|ARM.Build.0 = Debug|Any CPU
		{9E27C9B9-0807-4E75-8F6B-B03875853C75}.Debug|iPhone.ActiveCfg = Debug|Any CPU
		{9E27C9B9-0807-4E75-8F6B-B03875853C75}.Debug|iPhone.Build.0 = Debug|Any CPU
		{9E27C9B9-0807-4E75-8F6B-B03875853C75}.Debug|iPhoneSimulator.ActiveCfg = Debug|Any CPU
		{9E27C9B9-0807-4E75-8F6B-B03875853C75}.Debug|iPhoneSimulator.Build.0 = Debug|Any CPU
		{9E27C9B9-0807-4E75-8F6B-B03875853C75}.Debug|x64.ActiveCfg = Debug|Any CPU
		{9E27C9B9-0807-4E75-8F6B-B03875853C75}.Debug|x64.Build.0 = Debug|Any CPU
		{9E27C9B9-0807-4E75-8F6B-B03875853C75}.Debug|x86.ActiveCfg = Debug|Any CPU
		{9E27C9B9-0807-4E75-8F6B-B03875853C75}.Debug|x86.Build.0 = Debug|Any CPU
		{9E27C9B9-0807-4E75-8F6B-B03875853C75}.Release|Any CPU.ActiveCfg = Release|Any CPU
		{9E27C9B9-0807-4E75-8F6B-B03875853C75}.Release|Any CPU.Build.0 = Release|Any CPU
		{9E27C9B9-0807-4E75-8F6B-B03875853C75}.Release|ARM.ActiveCfg = Release|Any CPU
		{9E27C9B9-0807-4E75-8F6B-B03875853C75}.Release|ARM.Build.0 = Release|Any CPU
		{9E27C9B9-0807-4E75-8F6B-B03875853C75}.Release|iPhone.ActiveCfg = Release|Any CPU
		{9E27C9B9-0807-4E75-8F6B-B03875853C75}.Release|iPhone.Build.0 = Release|Any CPU
		{9E27C9B9-0807-4E75-8F6B-B03875853C75}.Release|iPhoneSimulator.ActiveCfg = Release|Any CPU
		{9E27C9B9-0807-4E75-8F6B-B03875853C75}.Release|iPhoneSimulator.Build.0 = Release|Any CPU
		{9E27C9B9-0807-4E75-8F6B-B03875853C75}.Release|x64.ActiveCfg = Release|Any CPU
		{9E27C9B9-0807-4E75-8F6B-B03875853C75}.Release|x64.Build.0 = Release|Any CPU
		{9E27C9B9-0807-4E75-8F6B-B03875853C75}.Release|x86.ActiveCfg = Release|Any CPU
		{9E27C9B9-0807-4E75-8F6B-B03875853C75}.Release|x86.Build.0 = Release|Any CPU
		{EF7ABFCB-FF47-4733-A619-8E1C9AC326AA}.Ad-Hoc|Any CPU.ActiveCfg = Release|Any CPU
		{EF7ABFCB-FF47-4733-A619-8E1C9AC326AA}.Ad-Hoc|Any CPU.Build.0 = Release|Any CPU
		{EF7ABFCB-FF47-4733-A619-8E1C9AC326AA}.Ad-Hoc|Any CPU.Deploy.0 = Release|Any CPU
		{EF7ABFCB-FF47-4733-A619-8E1C9AC326AA}.Ad-Hoc|ARM.ActiveCfg = Release|Any CPU
		{EF7ABFCB-FF47-4733-A619-8E1C9AC326AA}.Ad-Hoc|ARM.Build.0 = Release|Any CPU
		{EF7ABFCB-FF47-4733-A619-8E1C9AC326AA}.Ad-Hoc|ARM.Deploy.0 = Release|Any CPU
		{EF7ABFCB-FF47-4733-A619-8E1C9AC326AA}.Ad-Hoc|iPhone.ActiveCfg = Release|Any CPU
		{EF7ABFCB-FF47-4733-A619-8E1C9AC326AA}.Ad-Hoc|iPhone.Build.0 = Release|Any CPU
		{EF7ABFCB-FF47-4733-A619-8E1C9AC326AA}.Ad-Hoc|iPhone.Deploy.0 = Release|Any CPU
		{EF7ABFCB-FF47-4733-A619-8E1C9AC326AA}.Ad-Hoc|iPhoneSimulator.ActiveCfg = Release|Any CPU
		{EF7ABFCB-FF47-4733-A619-8E1C9AC326AA}.Ad-Hoc|iPhoneSimulator.Build.0 = Release|Any CPU
		{EF7ABFCB-FF47-4733-A619-8E1C9AC326AA}.Ad-Hoc|iPhoneSimulator.Deploy.0 = Release|Any CPU
		{EF7ABFCB-FF47-4733-A619-8E1C9AC326AA}.Ad-Hoc|x64.ActiveCfg = Release|Any CPU
		{EF7ABFCB-FF47-4733-A619-8E1C9AC326AA}.Ad-Hoc|x64.Build.0 = Release|Any CPU
		{EF7ABFCB-FF47-4733-A619-8E1C9AC326AA}.Ad-Hoc|x64.Deploy.0 = Release|Any CPU
		{EF7ABFCB-FF47-4733-A619-8E1C9AC326AA}.Ad-Hoc|x86.ActiveCfg = Release|Any CPU
		{EF7ABFCB-FF47-4733-A619-8E1C9AC326AA}.Ad-Hoc|x86.Build.0 = Release|Any CPU
		{EF7ABFCB-FF47-4733-A619-8E1C9AC326AA}.Ad-Hoc|x86.Deploy.0 = Release|Any CPU
		{EF7ABFCB-FF47-4733-A619-8E1C9AC326AA}.AppStore|Any CPU.ActiveCfg = Release|Any CPU
		{EF7ABFCB-FF47-4733-A619-8E1C9AC326AA}.AppStore|Any CPU.Build.0 = Release|Any CPU
		{EF7ABFCB-FF47-4733-A619-8E1C9AC326AA}.AppStore|Any CPU.Deploy.0 = Release|Any CPU
		{EF7ABFCB-FF47-4733-A619-8E1C9AC326AA}.AppStore|ARM.ActiveCfg = Release|Any CPU
		{EF7ABFCB-FF47-4733-A619-8E1C9AC326AA}.AppStore|ARM.Build.0 = Release|Any CPU
		{EF7ABFCB-FF47-4733-A619-8E1C9AC326AA}.AppStore|ARM.Deploy.0 = Release|Any CPU
		{EF7ABFCB-FF47-4733-A619-8E1C9AC326AA}.AppStore|iPhone.ActiveCfg = Release|Any CPU
		{EF7ABFCB-FF47-4733-A619-8E1C9AC326AA}.AppStore|iPhone.Build.0 = Release|Any CPU
		{EF7ABFCB-FF47-4733-A619-8E1C9AC326AA}.AppStore|iPhone.Deploy.0 = Release|Any CPU
		{EF7ABFCB-FF47-4733-A619-8E1C9AC326AA}.AppStore|iPhoneSimulator.ActiveCfg = Release|Any CPU
		{EF7ABFCB-FF47-4733-A619-8E1C9AC326AA}.AppStore|iPhoneSimulator.Build.0 = Release|Any CPU
		{EF7ABFCB-FF47-4733-A619-8E1C9AC326AA}.AppStore|iPhoneSimulator.Deploy.0 = Release|Any CPU
		{EF7ABFCB-FF47-4733-A619-8E1C9AC326AA}.AppStore|x64.ActiveCfg = Release|Any CPU
		{EF7ABFCB-FF47-4733-A619-8E1C9AC326AA}.AppStore|x64.Build.0 = Release|Any CPU
		{EF7ABFCB-FF47-4733-A619-8E1C9AC326AA}.AppStore|x64.Deploy.0 = Release|Any CPU
		{EF7ABFCB-FF47-4733-A619-8E1C9AC326AA}.AppStore|x86.ActiveCfg = Release|Any CPU
		{EF7ABFCB-FF47-4733-A619-8E1C9AC326AA}.AppStore|x86.Build.0 = Release|Any CPU
		{EF7ABFCB-FF47-4733-A619-8E1C9AC326AA}.AppStore|x86.Deploy.0 = Release|Any CPU
		{EF7ABFCB-FF47-4733-A619-8E1C9AC326AA}.Debug|Any CPU.ActiveCfg = Debug|Any CPU
		{EF7ABFCB-FF47-4733-A619-8E1C9AC326AA}.Debug|Any CPU.Build.0 = Debug|Any CPU
		{EF7ABFCB-FF47-4733-A619-8E1C9AC326AA}.Debug|Any CPU.Deploy.0 = Debug|Any CPU
		{EF7ABFCB-FF47-4733-A619-8E1C9AC326AA}.Debug|ARM.ActiveCfg = Debug|Any CPU
		{EF7ABFCB-FF47-4733-A619-8E1C9AC326AA}.Debug|ARM.Build.0 = Debug|Any CPU
		{EF7ABFCB-FF47-4733-A619-8E1C9AC326AA}.Debug|ARM.Deploy.0 = Debug|Any CPU
		{EF7ABFCB-FF47-4733-A619-8E1C9AC326AA}.Debug|iPhone.ActiveCfg = Debug|Any CPU
		{EF7ABFCB-FF47-4733-A619-8E1C9AC326AA}.Debug|iPhone.Build.0 = Debug|Any CPU
		{EF7ABFCB-FF47-4733-A619-8E1C9AC326AA}.Debug|iPhone.Deploy.0 = Debug|Any CPU
		{EF7ABFCB-FF47-4733-A619-8E1C9AC326AA}.Debug|iPhoneSimulator.ActiveCfg = Debug|Any CPU
		{EF7ABFCB-FF47-4733-A619-8E1C9AC326AA}.Debug|iPhoneSimulator.Build.0 = Debug|Any CPU
		{EF7ABFCB-FF47-4733-A619-8E1C9AC326AA}.Debug|iPhoneSimulator.Deploy.0 = Debug|Any CPU
		{EF7ABFCB-FF47-4733-A619-8E1C9AC326AA}.Debug|x64.ActiveCfg = Debug|Any CPU
		{EF7ABFCB-FF47-4733-A619-8E1C9AC326AA}.Debug|x64.Build.0 = Debug|Any CPU
		{EF7ABFCB-FF47-4733-A619-8E1C9AC326AA}.Debug|x64.Deploy.0 = Debug|Any CPU
		{EF7ABFCB-FF47-4733-A619-8E1C9AC326AA}.Debug|x86.ActiveCfg = Debug|Any CPU
		{EF7ABFCB-FF47-4733-A619-8E1C9AC326AA}.Debug|x86.Build.0 = Debug|Any CPU
		{EF7ABFCB-FF47-4733-A619-8E1C9AC326AA}.Debug|x86.Deploy.0 = Debug|Any CPU
		{EF7ABFCB-FF47-4733-A619-8E1C9AC326AA}.Release|Any CPU.ActiveCfg = Release|Any CPU
		{EF7ABFCB-FF47-4733-A619-8E1C9AC326AA}.Release|Any CPU.Build.0 = Release|Any CPU
		{EF7ABFCB-FF47-4733-A619-8E1C9AC326AA}.Release|Any CPU.Deploy.0 = Release|Any CPU
		{EF7ABFCB-FF47-4733-A619-8E1C9AC326AA}.Release|ARM.ActiveCfg = Release|Any CPU
		{EF7ABFCB-FF47-4733-A619-8E1C9AC326AA}.Release|ARM.Build.0 = Release|Any CPU
		{EF7ABFCB-FF47-4733-A619-8E1C9AC326AA}.Release|ARM.Deploy.0 = Release|Any CPU
		{EF7ABFCB-FF47-4733-A619-8E1C9AC326AA}.Release|iPhone.ActiveCfg = Release|Any CPU
		{EF7ABFCB-FF47-4733-A619-8E1C9AC326AA}.Release|iPhone.Build.0 = Release|Any CPU
		{EF7ABFCB-FF47-4733-A619-8E1C9AC326AA}.Release|iPhone.Deploy.0 = Release|Any CPU
		{EF7ABFCB-FF47-4733-A619-8E1C9AC326AA}.Release|iPhoneSimulator.ActiveCfg = Release|Any CPU
		{EF7ABFCB-FF47-4733-A619-8E1C9AC326AA}.Release|iPhoneSimulator.Build.0 = Release|Any CPU
		{EF7ABFCB-FF47-4733-A619-8E1C9AC326AA}.Release|iPhoneSimulator.Deploy.0 = Release|Any CPU
		{EF7ABFCB-FF47-4733-A619-8E1C9AC326AA}.Release|x64.ActiveCfg = Release|Any CPU
		{EF7ABFCB-FF47-4733-A619-8E1C9AC326AA}.Release|x64.Build.0 = Release|Any CPU
		{EF7ABFCB-FF47-4733-A619-8E1C9AC326AA}.Release|x64.Deploy.0 = Release|Any CPU
		{EF7ABFCB-FF47-4733-A619-8E1C9AC326AA}.Release|x86.ActiveCfg = Release|Any CPU
		{EF7ABFCB-FF47-4733-A619-8E1C9AC326AA}.Release|x86.Build.0 = Release|Any CPU
		{EF7ABFCB-FF47-4733-A619-8E1C9AC326AA}.Release|x86.Deploy.0 = Release|Any CPU
		{AF1F23C4-4950-43BF-A534-F0852A1A529A}.Ad-Hoc|Any CPU.ActiveCfg = Ad-Hoc|iPhone
		{AF1F23C4-4950-43BF-A534-F0852A1A529A}.Ad-Hoc|ARM.ActiveCfg = Ad-Hoc|iPhone
		{AF1F23C4-4950-43BF-A534-F0852A1A529A}.Ad-Hoc|iPhone.ActiveCfg = Ad-Hoc|iPhone
		{AF1F23C4-4950-43BF-A534-F0852A1A529A}.Ad-Hoc|iPhone.Build.0 = Ad-Hoc|iPhone
		{AF1F23C4-4950-43BF-A534-F0852A1A529A}.Ad-Hoc|iPhoneSimulator.ActiveCfg = Ad-Hoc|iPhoneSimulator
		{AF1F23C4-4950-43BF-A534-F0852A1A529A}.Ad-Hoc|iPhoneSimulator.Build.0 = Ad-Hoc|iPhoneSimulator
		{AF1F23C4-4950-43BF-A534-F0852A1A529A}.Ad-Hoc|x64.ActiveCfg = Ad-Hoc|iPhone
		{AF1F23C4-4950-43BF-A534-F0852A1A529A}.Ad-Hoc|x86.ActiveCfg = Ad-Hoc|iPhone
		{AF1F23C4-4950-43BF-A534-F0852A1A529A}.AppStore|Any CPU.ActiveCfg = AppStore|iPhone
		{AF1F23C4-4950-43BF-A534-F0852A1A529A}.AppStore|ARM.ActiveCfg = AppStore|iPhone
		{AF1F23C4-4950-43BF-A534-F0852A1A529A}.AppStore|iPhone.ActiveCfg = AppStore|iPhone
		{AF1F23C4-4950-43BF-A534-F0852A1A529A}.AppStore|iPhone.Build.0 = AppStore|iPhone
		{AF1F23C4-4950-43BF-A534-F0852A1A529A}.AppStore|iPhoneSimulator.ActiveCfg = AppStore|iPhoneSimulator
		{AF1F23C4-4950-43BF-A534-F0852A1A529A}.AppStore|iPhoneSimulator.Build.0 = AppStore|iPhoneSimulator
		{AF1F23C4-4950-43BF-A534-F0852A1A529A}.AppStore|x64.ActiveCfg = AppStore|iPhone
		{AF1F23C4-4950-43BF-A534-F0852A1A529A}.AppStore|x86.ActiveCfg = AppStore|iPhone
		{AF1F23C4-4950-43BF-A534-F0852A1A529A}.Debug|Any CPU.ActiveCfg = Debug|iPhone
		{AF1F23C4-4950-43BF-A534-F0852A1A529A}.Debug|ARM.ActiveCfg = Debug|iPhone
		{AF1F23C4-4950-43BF-A534-F0852A1A529A}.Debug|iPhone.ActiveCfg = Debug|iPhone
		{AF1F23C4-4950-43BF-A534-F0852A1A529A}.Debug|iPhone.Build.0 = Debug|iPhone
		{AF1F23C4-4950-43BF-A534-F0852A1A529A}.Debug|iPhoneSimulator.ActiveCfg = Debug|iPhoneSimulator
		{AF1F23C4-4950-43BF-A534-F0852A1A529A}.Debug|iPhoneSimulator.Build.0 = Debug|iPhoneSimulator
		{AF1F23C4-4950-43BF-A534-F0852A1A529A}.Debug|x64.ActiveCfg = Debug|iPhone
		{AF1F23C4-4950-43BF-A534-F0852A1A529A}.Debug|x86.ActiveCfg = Debug|iPhone
		{AF1F23C4-4950-43BF-A534-F0852A1A529A}.Release|Any CPU.ActiveCfg = Release|iPhone
		{AF1F23C4-4950-43BF-A534-F0852A1A529A}.Release|ARM.ActiveCfg = Release|iPhone
		{AF1F23C4-4950-43BF-A534-F0852A1A529A}.Release|iPhone.ActiveCfg = Release|iPhone
		{AF1F23C4-4950-43BF-A534-F0852A1A529A}.Release|iPhone.Build.0 = Release|iPhone
		{AF1F23C4-4950-43BF-A534-F0852A1A529A}.Release|iPhoneSimulator.ActiveCfg = Release|iPhoneSimulator
		{AF1F23C4-4950-43BF-A534-F0852A1A529A}.Release|iPhoneSimulator.Build.0 = Release|iPhoneSimulator
		{AF1F23C4-4950-43BF-A534-F0852A1A529A}.Release|x64.ActiveCfg = Release|iPhone
		{AF1F23C4-4950-43BF-A534-F0852A1A529A}.Release|x86.ActiveCfg = Release|iPhone
		{B5BB7E5C-68BB-4C9E-8DCA-7A0F1139FA3B}.Ad-Hoc|Any CPU.ActiveCfg = Release|x86
		{B5BB7E5C-68BB-4C9E-8DCA-7A0F1139FA3B}.Ad-Hoc|Any CPU.Build.0 = Release|x86
		{B5BB7E5C-68BB-4C9E-8DCA-7A0F1139FA3B}.Ad-Hoc|Any CPU.Deploy.0 = Release|x86
		{B5BB7E5C-68BB-4C9E-8DCA-7A0F1139FA3B}.Ad-Hoc|ARM.ActiveCfg = Release|ARM
		{B5BB7E5C-68BB-4C9E-8DCA-7A0F1139FA3B}.Ad-Hoc|ARM.Build.0 = Release|ARM
		{B5BB7E5C-68BB-4C9E-8DCA-7A0F1139FA3B}.Ad-Hoc|ARM.Deploy.0 = Release|ARM
		{B5BB7E5C-68BB-4C9E-8DCA-7A0F1139FA3B}.Ad-Hoc|iPhone.ActiveCfg = Release|x86
		{B5BB7E5C-68BB-4C9E-8DCA-7A0F1139FA3B}.Ad-Hoc|iPhone.Build.0 = Release|x86
		{B5BB7E5C-68BB-4C9E-8DCA-7A0F1139FA3B}.Ad-Hoc|iPhone.Deploy.0 = Release|x86
		{B5BB7E5C-68BB-4C9E-8DCA-7A0F1139FA3B}.Ad-Hoc|iPhoneSimulator.ActiveCfg = Release|x86
		{B5BB7E5C-68BB-4C9E-8DCA-7A0F1139FA3B}.Ad-Hoc|iPhoneSimulator.Build.0 = Release|x86
		{B5BB7E5C-68BB-4C9E-8DCA-7A0F1139FA3B}.Ad-Hoc|iPhoneSimulator.Deploy.0 = Release|x86
		{B5BB7E5C-68BB-4C9E-8DCA-7A0F1139FA3B}.Ad-Hoc|x64.ActiveCfg = Release|x64
		{B5BB7E5C-68BB-4C9E-8DCA-7A0F1139FA3B}.Ad-Hoc|x64.Build.0 = Release|x64
		{B5BB7E5C-68BB-4C9E-8DCA-7A0F1139FA3B}.Ad-Hoc|x64.Deploy.0 = Release|x64
		{B5BB7E5C-68BB-4C9E-8DCA-7A0F1139FA3B}.Ad-Hoc|x86.ActiveCfg = Release|x86
		{B5BB7E5C-68BB-4C9E-8DCA-7A0F1139FA3B}.Ad-Hoc|x86.Build.0 = Release|x86
		{B5BB7E5C-68BB-4C9E-8DCA-7A0F1139FA3B}.Ad-Hoc|x86.Deploy.0 = Release|x86
		{B5BB7E5C-68BB-4C9E-8DCA-7A0F1139FA3B}.AppStore|Any CPU.ActiveCfg = Release|x86
		{B5BB7E5C-68BB-4C9E-8DCA-7A0F1139FA3B}.AppStore|Any CPU.Build.0 = Release|x86
		{B5BB7E5C-68BB-4C9E-8DCA-7A0F1139FA3B}.AppStore|Any CPU.Deploy.0 = Release|x86
		{B5BB7E5C-68BB-4C9E-8DCA-7A0F1139FA3B}.AppStore|ARM.ActiveCfg = Release|ARM
		{B5BB7E5C-68BB-4C9E-8DCA-7A0F1139FA3B}.AppStore|ARM.Build.0 = Release|ARM
		{B5BB7E5C-68BB-4C9E-8DCA-7A0F1139FA3B}.AppStore|ARM.Deploy.0 = Release|ARM
		{B5BB7E5C-68BB-4C9E-8DCA-7A0F1139FA3B}.AppStore|iPhone.ActiveCfg = Release|x86
		{B5BB7E5C-68BB-4C9E-8DCA-7A0F1139FA3B}.AppStore|iPhone.Build.0 = Release|x86
		{B5BB7E5C-68BB-4C9E-8DCA-7A0F1139FA3B}.AppStore|iPhone.Deploy.0 = Release|x86
		{B5BB7E5C-68BB-4C9E-8DCA-7A0F1139FA3B}.AppStore|iPhoneSimulator.ActiveCfg = Release|x86
		{B5BB7E5C-68BB-4C9E-8DCA-7A0F1139FA3B}.AppStore|iPhoneSimulator.Build.0 = Release|x86
		{B5BB7E5C-68BB-4C9E-8DCA-7A0F1139FA3B}.AppStore|iPhoneSimulator.Deploy.0 = Release|x86
		{B5BB7E5C-68BB-4C9E-8DCA-7A0F1139FA3B}.AppStore|x64.ActiveCfg = Release|x64
		{B5BB7E5C-68BB-4C9E-8DCA-7A0F1139FA3B}.AppStore|x64.Build.0 = Release|x64
		{B5BB7E5C-68BB-4C9E-8DCA-7A0F1139FA3B}.AppStore|x64.Deploy.0 = Release|x64
		{B5BB7E5C-68BB-4C9E-8DCA-7A0F1139FA3B}.AppStore|x86.ActiveCfg = Release|x86
		{B5BB7E5C-68BB-4C9E-8DCA-7A0F1139FA3B}.AppStore|x86.Build.0 = Release|x86
		{B5BB7E5C-68BB-4C9E-8DCA-7A0F1139FA3B}.AppStore|x86.Deploy.0 = Release|x86
		{B5BB7E5C-68BB-4C9E-8DCA-7A0F1139FA3B}.Debug|Any CPU.ActiveCfg = Debug|x86
		{B5BB7E5C-68BB-4C9E-8DCA-7A0F1139FA3B}.Debug|ARM.ActiveCfg = Debug|ARM
		{B5BB7E5C-68BB-4C9E-8DCA-7A0F1139FA3B}.Debug|ARM.Build.0 = Debug|ARM
		{B5BB7E5C-68BB-4C9E-8DCA-7A0F1139FA3B}.Debug|ARM.Deploy.0 = Debug|ARM
		{B5BB7E5C-68BB-4C9E-8DCA-7A0F1139FA3B}.Debug|iPhone.ActiveCfg = Debug|x86
		{B5BB7E5C-68BB-4C9E-8DCA-7A0F1139FA3B}.Debug|iPhoneSimulator.ActiveCfg = Debug|x86
		{B5BB7E5C-68BB-4C9E-8DCA-7A0F1139FA3B}.Debug|x64.ActiveCfg = Debug|x64
		{B5BB7E5C-68BB-4C9E-8DCA-7A0F1139FA3B}.Debug|x64.Build.0 = Debug|x64
		{B5BB7E5C-68BB-4C9E-8DCA-7A0F1139FA3B}.Debug|x64.Deploy.0 = Debug|x64
		{B5BB7E5C-68BB-4C9E-8DCA-7A0F1139FA3B}.Debug|x86.ActiveCfg = Debug|x86
		{B5BB7E5C-68BB-4C9E-8DCA-7A0F1139FA3B}.Debug|x86.Build.0 = Debug|x86
		{B5BB7E5C-68BB-4C9E-8DCA-7A0F1139FA3B}.Debug|x86.Deploy.0 = Debug|x86
		{B5BB7E5C-68BB-4C9E-8DCA-7A0F1139FA3B}.Release|Any CPU.ActiveCfg = Release|x86
		{B5BB7E5C-68BB-4C9E-8DCA-7A0F1139FA3B}.Release|ARM.ActiveCfg = Release|ARM
		{B5BB7E5C-68BB-4C9E-8DCA-7A0F1139FA3B}.Release|ARM.Build.0 = Release|ARM
		{B5BB7E5C-68BB-4C9E-8DCA-7A0F1139FA3B}.Release|ARM.Deploy.0 = Release|ARM
		{B5BB7E5C-68BB-4C9E-8DCA-7A0F1139FA3B}.Release|iPhone.ActiveCfg = Release|x86
		{B5BB7E5C-68BB-4C9E-8DCA-7A0F1139FA3B}.Release|iPhoneSimulator.ActiveCfg = Release|x86
		{B5BB7E5C-68BB-4C9E-8DCA-7A0F1139FA3B}.Release|x64.ActiveCfg = Release|x64
		{B5BB7E5C-68BB-4C9E-8DCA-7A0F1139FA3B}.Release|x64.Build.0 = Release|x64
		{B5BB7E5C-68BB-4C9E-8DCA-7A0F1139FA3B}.Release|x64.Deploy.0 = Release|x64
		{B5BB7E5C-68BB-4C9E-8DCA-7A0F1139FA3B}.Release|x86.ActiveCfg = Release|x86
		{B5BB7E5C-68BB-4C9E-8DCA-7A0F1139FA3B}.Release|x86.Build.0 = Release|x86
		{B5BB7E5C-68BB-4C9E-8DCA-7A0F1139FA3B}.Release|x86.Deploy.0 = Release|x86
	EndGlobalSection
	GlobalSection(SolutionProperties) = preSolution
		HideSolutionNode = FALSE
	EndGlobalSection
EndGlobal
