
Microsoft Visual Studio Solution File, Format Version 12.00
# Visual Studio Version 16
VisualStudioVersion = 16.0.31313.79
MinimumVisualStudioVersion = 10.0.40219.1
Project("{9A19103F-16F7-4668-BE54-9A1E7A4F7556}") = "Xamarin.Forms.GoogleMaps.Bindings", "Xamarin.Forms.GoogleMaps.Bindings\Xamarin.Forms.GoogleMaps.Bindings.csproj", "{DD9AC353-60C8-4E67-BD8C-BE98C6814357}"
EndProject
Project("{FAE04EC0-301F-11D3-BF4B-00C04F79EFBC}") = "SampleApp.UWP", "SampleApp\SampleApp.UWP\SampleApp.UWP.csproj", "{3CCCF271-3555-48AC-93F9-ED3D4013FACF}"
EndProject
Project("{FAE04EC0-301F-11D3-BF4B-00C04F79EFBC}") = "SampleApp.Android", "SampleApp\SampleApp.Android\SampleApp.Android.csproj", "{CC5E6311-EE1B-49C8-B676-D909A90BBE46}"
EndProject
Project("{FAE04EC0-301F-11D3-BF4B-00C04F79EFBC}") = "SampleApp.iOS", "SampleApp\SampleApp.iOS\SampleApp.iOS.csproj", "{4F68E42A-2DE5-4235-8FDB-614C62AFFEEA}"
EndProject
Project("{9A19103F-16F7-4668-BE54-9A1E7A4F7556}") = "SampleApp", "SampleApp\SampleApp\SampleApp.csproj", "{34DC9A0D-BE52-4B9A-AEF3-52BECD9B505D}"
EndProject
Global
	GlobalSection(SolutionConfigurationPlatforms) = preSolution
		Ad-Hoc|Any CPU = Ad-Hoc|Any CPU
		Ad-Hoc|ARM = Ad-Hoc|ARM
		Ad-Hoc|iPhone = Ad-Hoc|iPhone
		Ad-Hoc|iPhoneSimulator = Ad-Hoc|iPhoneSimulator
		Ad-Hoc|x64 = Ad-Hoc|x64
		Ad-Hoc|x86 = Ad-Hoc|x86
		AppStore|Any CPU = AppStore|Any CPU
		AppStore|ARM = AppStore|ARM
		AppStore|iPhone = AppStore|iPhone
		AppStore|iPhoneSimulator = AppStore|iPhoneSimulator
		AppStore|x64 = AppStore|x64
		AppStore|x86 = AppStore|x86
		Debug|Any CPU = Debug|Any CPU
		Debug|ARM = Debug|ARM
		Debug|iPhone = Debug|iPhone
		Debug|iPhoneSimulator = Debug|iPhoneSimulator
		Debug|x64 = Debug|x64
		Debug|x86 = Debug|x86
		Release|Any CPU = Release|Any CPU
		Release|ARM = Release|ARM
		Release|iPhone = Release|iPhone
		Release|iPhoneSimulator = Release|iPhoneSimulator
		Release|x64 = Release|x64
		Release|x86 = Release|x86
	EndGlobalSection
	GlobalSection(ProjectConfigurationPlatforms) = postSolution
		{DD9AC353-60C8-4E67-BD8C-BE98C6814357}.Ad-Hoc|Any CPU.ActiveCfg = Debug|Any CPU
		{DD9AC353-60C8-4E67-BD8C-BE98C6814357}.Ad-Hoc|Any CPU.Build.0 = Debug|Any CPU
		{DD9AC353-60C8-4E67-BD8C-BE98C6814357}.Ad-Hoc|ARM.ActiveCfg = Debug|Any CPU
		{DD9AC353-60C8-4E67-BD8C-BE98C6814357}.Ad-Hoc|ARM.Build.0 = Debug|Any CPU
		{DD9AC353-60C8-4E67-BD8C-BE98C6814357}.Ad-Hoc|iPhone.ActiveCfg = Debug|Any CPU
		{DD9AC353-60C8-4E67-BD8C-BE98C6814357}.Ad-Hoc|iPhone.Build.0 = Debug|Any CPU
		{DD9AC353-60C8-4E67-BD8C-BE98C6814357}.Ad-Hoc|iPhoneSimulator.ActiveCfg = Debug|Any CPU
		{DD9AC353-60C8-4E67-BD8C-BE98C6814357}.Ad-Hoc|iPhoneSimulator.Build.0 = Debug|Any CPU
		{DD9AC353-60C8-4E67-BD8C-BE98C6814357}.Ad-Hoc|x64.ActiveCfg = Debug|Any CPU
		{DD9AC353-60C8-4E67-BD8C-BE98C6814357}.Ad-Hoc|x64.Build.0 = Debug|Any CPU
		{DD9AC353-60C8-4E67-BD8C-BE98C6814357}.Ad-Hoc|x86.ActiveCfg = Debug|Any CPU
		{DD9AC353-60C8-4E67-BD8C-BE98C6814357}.Ad-Hoc|x86.Build.0 = Debug|Any CPU
		{DD9AC353-60C8-4E67-BD8C-BE98C6814357}.AppStore|Any CPU.ActiveCfg = Debug|Any CPU
		{DD9AC353-60C8-4E67-BD8C-BE98C6814357}.AppStore|Any CPU.Build.0 = Debug|Any CPU
		{DD9AC353-60C8-4E67-BD8C-BE98C6814357}.AppStore|ARM.ActiveCfg = Debug|Any CPU
		{DD9AC353-60C8-4E67-BD8C-BE98C6814357}.AppStore|ARM.Build.0 = Debug|Any CPU
		{DD9AC353-60C8-4E67-BD8C-BE98C6814357}.AppStore|iPhone.ActiveCfg = Debug|Any CPU
		{DD9AC353-60C8-4E67-BD8C-BE98C6814357}.AppStore|iPhone.Build.0 = Debug|Any CPU
		{DD9AC353-60C8-4E67-BD8C-BE98C6814357}.AppStore|iPhoneSimulator.ActiveCfg = Debug|Any CPU
		{DD9AC353-60C8-4E67-BD8C-BE98C6814357}.AppStore|iPhoneSimulator.Build.0 = Debug|Any CPU
		{DD9AC353-60C8-4E67-BD8C-BE98C6814357}.AppStore|x64.ActiveCfg = Debug|Any CPU
		{DD9AC353-60C8-4E67-BD8C-BE98C6814357}.AppStore|x64.Build.0 = Debug|Any CPU
		{DD9AC353-60C8-4E67-BD8C-BE98C6814357}.AppStore|x86.ActiveCfg = Debug|Any CPU
		{DD9AC353-60C8-4E67-BD8C-BE98C6814357}.AppStore|x86.Build.0 = Debug|Any CPU
		{DD9AC353-60C8-4E67-BD8C-BE98C6814357}.Debug|Any CPU.ActiveCfg = Debug|Any CPU
		{DD9AC353-60C8-4E67-BD8C-BE98C6814357}.Debug|Any CPU.Build.0 = Debug|Any CPU
		{DD9AC353-60C8-4E67-BD8C-BE98C6814357}.Debug|ARM.ActiveCfg = Debug|Any CPU
		{DD9AC353-60C8-4E67-BD8C-BE98C6814357}.Debug|ARM.Build.0 = Debug|Any CPU
		{DD9AC353-60C8-4E67-BD8C-BE98C6814357}.Debug|iPhone.ActiveCfg = Debug|Any CPU
		{DD9AC353-60C8-4E67-BD8C-BE98C6814357}.Debug|iPhone.Build.0 = Debug|Any CPU
		{DD9AC353-60C8-4E67-BD8C-BE98C6814357}.Debug|iPhoneSimulator.ActiveCfg = Debug|Any CPU
		{DD9AC353-60C8-4E67-BD8C-BE98C6814357}.Debug|iPhoneSimulator.Build.0 = Debug|Any CPU
		{DD9AC353-60C8-4E67-BD8C-BE98C6814357}.Debug|x64.ActiveCfg = Debug|Any CPU
		{DD9AC353-60C8-4E67-BD8C-BE98C6814357}.Debug|x64.Build.0 = Debug|Any CPU
		{DD9AC353-60C8-4E67-BD8C-BE98C6814357}.Debug|x86.ActiveCfg = Debug|Any CPU
		{DD9AC353-60C8-4E67-BD8C-BE98C6814357}.Debug|x86.Build.0 = Debug|Any CPU
		{DD9AC353-60C8-4E67-BD8C-BE98C6814357}.Release|Any CPU.ActiveCfg = Release|Any CPU
		{DD9AC353-60C8-4E67-BD8C-BE98C6814357}.Release|Any CPU.Build.0 = Release|Any CPU
		{DD9AC353-60C8-4E67-BD8C-BE98C6814357}.Release|ARM.ActiveCfg = Release|Any CPU
		{DD9AC353-60C8-4E67-BD8C-BE98C6814357}.Release|ARM.Build.0 = Release|Any CPU
		{DD9AC353-60C8-4E67-BD8C-BE98C6814357}.Release|iPhone.ActiveCfg = Release|Any CPU
		{DD9AC353-60C8-4E67-BD8C-BE98C6814357}.Release|iPhone.Build.0 = Release|Any CPU
		{DD9AC353-60C8-4E67-BD8C-BE98C6814357}.Release|iPhoneSimulator.ActiveCfg = Release|Any CPU
		{DD9AC353-60C8-4E67-BD8C-BE98C6814357}.Release|iPhoneSimulator.Build.0 = Release|Any CPU
		{DD9AC353-60C8-4E67-BD8C-BE98C6814357}.Release|x64.ActiveCfg = Release|Any CPU
		{DD9AC353-60C8-4E67-BD8C-BE98C6814357}.Release|x64.Build.0 = Release|Any CPU
		{DD9AC353-60C8-4E67-BD8C-BE98C6814357}.Release|x86.ActiveCfg = Release|Any CPU
		{DD9AC353-60C8-4E67-BD8C-BE98C6814357}.Release|x86.Build.0 = Release|Any CPU
		{3CCCF271-3555-48AC-93F9-ED3D4013FACF}.Ad-Hoc|Any CPU.ActiveCfg = Debug|ARM
		{3CCCF271-3555-48AC-93F9-ED3D4013FACF}.Ad-Hoc|Any CPU.Build.0 = Debug|ARM
		{3CCCF271-3555-48AC-93F9-ED3D4013FACF}.Ad-Hoc|Any CPU.Deploy.0 = Debug|ARM
		{3CCCF271-3555-48AC-93F9-ED3D4013FACF}.Ad-Hoc|ARM.ActiveCfg = Debug|ARM
		{3CCCF271-3555-48AC-93F9-ED3D4013FACF}.Ad-Hoc|ARM.Build.0 = Debug|ARM
		{3CCCF271-3555-48AC-93F9-ED3D4013FACF}.Ad-Hoc|ARM.Deploy.0 = Debug|ARM
		{3CCCF271-3555-48AC-93F9-ED3D4013FACF}.Ad-Hoc|iPhone.ActiveCfg = Debug|ARM
		{3CCCF271-3555-48AC-93F9-ED3D4013FACF}.Ad-Hoc|iPhone.Build.0 = Debug|ARM
		{3CCCF271-3555-48AC-93F9-ED3D4013FACF}.Ad-Hoc|iPhone.Deploy.0 = Debug|ARM
		{3CCCF271-3555-48AC-93F9-ED3D4013FACF}.Ad-Hoc|iPhoneSimulator.ActiveCfg = Debug|ARM
		{3CCCF271-3555-48AC-93F9-ED3D4013FACF}.Ad-Hoc|iPhoneSimulator.Build.0 = Debug|ARM
		{3CCCF271-3555-48AC-93F9-ED3D4013FACF}.Ad-Hoc|iPhoneSimulator.Deploy.0 = Debug|ARM
		{3CCCF271-3555-48AC-93F9-ED3D4013FACF}.Ad-Hoc|x64.ActiveCfg = Debug|x64
		{3CCCF271-3555-48AC-93F9-ED3D4013FACF}.Ad-Hoc|x64.Build.0 = Debug|x64
		{3CCCF271-3555-48AC-93F9-ED3D4013FACF}.Ad-Hoc|x64.Deploy.0 = Debug|x64
		{3CCCF271-3555-48AC-93F9-ED3D4013FACF}.Ad-Hoc|x86.ActiveCfg = Debug|x86
		{3CCCF271-3555-48AC-93F9-ED3D4013FACF}.Ad-Hoc|x86.Build.0 = Debug|x86
		{3CCCF271-3555-48AC-93F9-ED3D4013FACF}.Ad-Hoc|x86.Deploy.0 = Debug|x86
		{3CCCF271-3555-48AC-93F9-ED3D4013FACF}.AppStore|Any CPU.ActiveCfg = Debug|ARM
		{3CCCF271-3555-48AC-93F9-ED3D4013FACF}.AppStore|Any CPU.Build.0 = Debug|ARM
		{3CCCF271-3555-48AC-93F9-ED3D4013FACF}.AppStore|Any CPU.Deploy.0 = Debug|ARM
		{3CCCF271-3555-48AC-93F9-ED3D4013FACF}.AppStore|ARM.ActiveCfg = Debug|ARM
		{3CCCF271-3555-48AC-93F9-ED3D4013FACF}.AppStore|ARM.Build.0 = Debug|ARM
		{3CCCF271-3555-48AC-93F9-ED3D4013FACF}.AppStore|ARM.Deploy.0 = Debug|ARM
		{3CCCF271-3555-48AC-93F9-ED3D4013FACF}.AppStore|iPhone.ActiveCfg = Debug|ARM
		{3CCCF271-3555-48AC-93F9-ED3D4013FACF}.AppStore|iPhone.Build.0 = Debug|ARM
		{3CCCF271-3555-48AC-93F9-ED3D4013FACF}.AppStore|iPhone.Deploy.0 = Debug|ARM
		{3CCCF271-3555-48AC-93F9-ED3D4013FACF}.AppStore|iPhoneSimulator.ActiveCfg = Debug|ARM
		{3CCCF271-3555-48AC-93F9-ED3D4013FACF}.AppStore|iPhoneSimulator.Build.0 = Debug|ARM
		{3CCCF271-3555-48AC-93F9-ED3D4013FACF}.AppStore|iPhoneSimulator.Deploy.0 = Debug|ARM
		{3CCCF271-3555-48AC-93F9-ED3D4013FACF}.AppStore|x64.ActiveCfg = Debug|x64
		{3CCCF271-3555-48AC-93F9-ED3D4013FACF}.AppStore|x64.Build.0 = Debug|x64
		{3CCCF271-3555-48AC-93F9-ED3D4013FACF}.AppStore|x64.Deploy.0 = Debug|x64
		{3CCCF271-3555-48AC-93F9-ED3D4013FACF}.AppStore|x86.ActiveCfg = Debug|x86
		{3CCCF271-3555-48AC-93F9-ED3D4013FACF}.AppStore|x86.Build.0 = Debug|x86
		{3CCCF271-3555-48AC-93F9-ED3D4013FACF}.AppStore|x86.Deploy.0 = Debug|x86
		{3CCCF271-3555-48AC-93F9-ED3D4013FACF}.Debug|Any CPU.ActiveCfg = Debug|x86
		{3CCCF271-3555-48AC-93F9-ED3D4013FACF}.Debug|ARM.ActiveCfg = Debug|ARM
		{3CCCF271-3555-48AC-93F9-ED3D4013FACF}.Debug|ARM.Build.0 = Debug|ARM
		{3CCCF271-3555-48AC-93F9-ED3D4013FACF}.Debug|ARM.Deploy.0 = Debug|ARM
		{3CCCF271-3555-48AC-93F9-ED3D4013FACF}.Debug|iPhone.ActiveCfg = Debug|x86
		{3CCCF271-3555-48AC-93F9-ED3D4013FACF}.Debug|iPhoneSimulator.ActiveCfg = Debug|x86
		{3CCCF271-3555-48AC-93F9-ED3D4013FACF}.Debug|x64.ActiveCfg = Debug|x64
		{3CCCF271-3555-48AC-93F9-ED3D4013FACF}.Debug|x64.Build.0 = Debug|x64
		{3CCCF271-3555-48AC-93F9-ED3D4013FACF}.Debug|x64.Deploy.0 = Debug|x64
		{3CCCF271-3555-48AC-93F9-ED3D4013FACF}.Debug|x86.ActiveCfg = Debug|x86
		{3CCCF271-3555-48AC-93F9-ED3D4013FACF}.Debug|x86.Build.0 = Debug|x86
		{3CCCF271-3555-48AC-93F9-ED3D4013FACF}.Debug|x86.Deploy.0 = Debug|x86
		{3CCCF271-3555-48AC-93F9-ED3D4013FACF}.Release|Any CPU.ActiveCfg = Release|x86
		{3CCCF271-3555-48AC-93F9-ED3D4013FACF}.Release|ARM.ActiveCfg = Release|ARM
		{3CCCF271-3555-48AC-93F9-ED3D4013FACF}.Release|ARM.Build.0 = Release|ARM
		{3CCCF271-3555-48AC-93F9-ED3D4013FACF}.Release|ARM.Deploy.0 = Release|ARM
		{3CCCF271-3555-48AC-93F9-ED3D4013FACF}.Release|iPhone.ActiveCfg = Release|x86
		{3CCCF271-3555-48AC-93F9-ED3D4013FACF}.Release|iPhoneSimulator.ActiveCfg = Release|x86
		{3CCCF271-3555-48AC-93F9-ED3D4013FACF}.Release|x64.ActiveCfg = Release|x64
		{3CCCF271-3555-48AC-93F9-ED3D4013FACF}.Release|x64.Build.0 = Release|x64
		{3CCCF271-3555-48AC-93F9-ED3D4013FACF}.Release|x64.Deploy.0 = Release|x64
		{3CCCF271-3555-48AC-93F9-ED3D4013FACF}.Release|x86.ActiveCfg = Release|x86
		{3CCCF271-3555-48AC-93F9-ED3D4013FACF}.Release|x86.Build.0 = Release|x86
		{3CCCF271-3555-48AC-93F9-ED3D4013FACF}.Release|x86.Deploy.0 = Release|x86
		{CC5E6311-EE1B-49C8-B676-D909A90BBE46}.Ad-Hoc|Any CPU.ActiveCfg = Debug|Any CPU
		{CC5E6311-EE1B-49C8-B676-D909A90BBE46}.Ad-Hoc|Any CPU.Build.0 = Debug|Any CPU
		{CC5E6311-EE1B-49C8-B676-D909A90BBE46}.Ad-Hoc|Any CPU.Deploy.0 = Debug|Any CPU
		{CC5E6311-EE1B-49C8-B676-D909A90BBE46}.Ad-Hoc|ARM.ActiveCfg = Debug|Any CPU
		{CC5E6311-EE1B-49C8-B676-D909A90BBE46}.Ad-Hoc|ARM.Build.0 = Debug|Any CPU
		{CC5E6311-EE1B-49C8-B676-D909A90BBE46}.Ad-Hoc|ARM.Deploy.0 = Debug|Any CPU
		{CC5E6311-EE1B-49C8-B676-D909A90BBE46}.Ad-Hoc|iPhone.ActiveCfg = Debug|Any CPU
		{CC5E6311-EE1B-49C8-B676-D909A90BBE46}.Ad-Hoc|iPhone.Build.0 = Debug|Any CPU
		{CC5E6311-EE1B-49C8-B676-D909A90BBE46}.Ad-Hoc|iPhone.Deploy.0 = Debug|Any CPU
		{CC5E6311-EE1B-49C8-B676-D909A90BBE46}.Ad-Hoc|iPhoneSimulator.ActiveCfg = Debug|Any CPU
		{CC5E6311-EE1B-49C8-B676-D909A90BBE46}.Ad-Hoc|iPhoneSimulator.Build.0 = Debug|Any CPU
		{CC5E6311-EE1B-49C8-B676-D909A90BBE46}.Ad-Hoc|iPhoneSimulator.Deploy.0 = Debug|Any CPU
		{CC5E6311-EE1B-49C8-B676-D909A90BBE46}.Ad-Hoc|x64.ActiveCfg = Debug|Any CPU
		{CC5E6311-EE1B-49C8-B676-D909A90BBE46}.Ad-Hoc|x64.Build.0 = Debug|Any CPU
		{CC5E6311-EE1B-49C8-B676-D909A90BBE46}.Ad-Hoc|x64.Deploy.0 = Debug|Any CPU
		{CC5E6311-EE1B-49C8-B676-D909A90BBE46}.Ad-Hoc|x86.ActiveCfg = Debug|Any CPU
		{CC5E6311-EE1B-49C8-B676-D909A90BBE46}.Ad-Hoc|x86.Build.0 = Debug|Any CPU
		{CC5E6311-EE1B-49C8-B676-D909A90BBE46}.Ad-Hoc|x86.Deploy.0 = Debug|Any CPU
		{CC5E6311-EE1B-49C8-B676-D909A90BBE46}.AppStore|Any CPU.ActiveCfg = Debug|Any CPU
		{CC5E6311-EE1B-49C8-B676-D909A90BBE46}.AppStore|Any CPU.Build.0 = Debug|Any CPU
		{CC5E6311-EE1B-49C8-B676-D909A90BBE46}.AppStore|Any CPU.Deploy.0 = Debug|Any CPU
		{CC5E6311-EE1B-49C8-B676-D909A90BBE46}.AppStore|ARM.ActiveCfg = Debug|Any CPU
		{CC5E6311-EE1B-49C8-B676-D909A90BBE46}.AppStore|ARM.Build.0 = Debug|Any CPU
		{CC5E6311-EE1B-49C8-B676-D909A90BBE46}.AppStore|ARM.Deploy.0 = Debug|Any CPU
		{CC5E6311-EE1B-49C8-B676-D909A90BBE46}.AppStore|iPhone.ActiveCfg = Debug|Any CPU
		{CC5E6311-EE1B-49C8-B676-D909A90BBE46}.AppStore|iPhone.Build.0 = Debug|Any CPU
		{CC5E6311-EE1B-49C8-B676-D909A90BBE46}.AppStore|iPhone.Deploy.0 = Debug|Any CPU
		{CC5E6311-EE1B-49C8-B676-D909A90BBE46}.AppStore|iPhoneSimulator.ActiveCfg = Debug|Any CPU
		{CC5E6311-EE1B-49C8-B676-D909A90BBE46}.AppStore|iPhoneSimulator.Build.0 = Debug|Any CPU
		{CC5E6311-EE1B-49C8-B676-D909A90BBE46}.AppStore|iPhoneSimulator.Deploy.0 = Debug|Any CPU
		{CC5E6311-EE1B-49C8-B676-D909A90BBE46}.AppStore|x64.ActiveCfg = Debug|Any CPU
		{CC5E6311-EE1B-49C8-B676-D909A90BBE46}.AppStore|x64.Build.0 = Debug|Any CPU
		{CC5E6311-EE1B-49C8-B676-D909A90BBE46}.AppStore|x64.Deploy.0 = Debug|Any CPU
		{CC5E6311-EE1B-49C8-B676-D909A90BBE46}.AppStore|x86.ActiveCfg = Debug|Any CPU
		{CC5E6311-EE1B-49C8-B676-D909A90BBE46}.AppStore|x86.Build.0 = Debug|Any CPU
		{CC5E6311-EE1B-49C8-B676-D909A90BBE46}.AppStore|x86.Deploy.0 = Debug|Any CPU
		{CC5E6311-EE1B-49C8-B676-D909A90BBE46}.Debug|Any CPU.ActiveCfg = Debug|Any CPU
		{CC5E6311-EE1B-49C8-B676-D909A90BBE46}.Debug|Any CPU.Build.0 = Debug|Any CPU
		{CC5E6311-EE1B-49C8-B676-D909A90BBE46}.Debug|Any CPU.Deploy.0 = Debug|Any CPU
		{CC5E6311-EE1B-49C8-B676-D909A90BBE46}.Debug|ARM.ActiveCfg = Debug|Any CPU
		{CC5E6311-EE1B-49C8-B676-D909A90BBE46}.Debug|ARM.Build.0 = Debug|Any CPU
		{CC5E6311-EE1B-49C8-B676-D909A90BBE46}.Debug|ARM.Deploy.0 = Debug|Any CPU
		{CC5E6311-EE1B-49C8-B676-D909A90BBE46}.Debug|iPhone.ActiveCfg = Debug|Any CPU
		{CC5E6311-EE1B-49C8-B676-D909A90BBE46}.Debug|iPhone.Build.0 = Debug|Any CPU
		{CC5E6311-EE1B-49C8-B676-D909A90BBE46}.Debug|iPhone.Deploy.0 = Debug|Any CPU
		{CC5E6311-EE1B-49C8-B676-D909A90BBE46}.Debug|iPhoneSimulator.ActiveCfg = Debug|Any CPU
		{CC5E6311-EE1B-49C8-B676-D909A90BBE46}.Debug|iPhoneSimulator.Build.0 = Debug|Any CPU
		{CC5E6311-EE1B-49C8-B676-D909A90BBE46}.Debug|iPhoneSimulator.Deploy.0 = Debug|Any CPU
		{CC5E6311-EE1B-49C8-B676-D909A90BBE46}.Debug|x64.ActiveCfg = Debug|Any CPU
		{CC5E6311-EE1B-49C8-B676-D909A90BBE46}.Debug|x64.Build.0 = Debug|Any CPU
		{CC5E6311-EE1B-49C8-B676-D909A90BBE46}.Debug|x64.Deploy.0 = Debug|Any CPU
		{CC5E6311-EE1B-49C8-B676-D909A90BBE46}.Debug|x86.ActiveCfg = Debug|Any CPU
		{CC5E6311-EE1B-49C8-B676-D909A90BBE46}.Debug|x86.Build.0 = Debug|Any CPU
		{CC5E6311-EE1B-49C8-B676-D909A90BBE46}.Debug|x86.Deploy.0 = Debug|Any CPU
		{CC5E6311-EE1B-49C8-B676-D909A90BBE46}.Release|Any CPU.ActiveCfg = Release|Any CPU
		{CC5E6311-EE1B-49C8-B676-D909A90BBE46}.Release|Any CPU.Build.0 = Release|Any CPU
		{CC5E6311-EE1B-49C8-B676-D909A90BBE46}.Release|Any CPU.Deploy.0 = Release|Any CPU
		{CC5E6311-EE1B-49C8-B676-D909A90BBE46}.Release|ARM.ActiveCfg = Release|Any CPU
		{CC5E6311-EE1B-49C8-B676-D909A90BBE46}.Release|ARM.Build.0 = Release|Any CPU
		{CC5E6311-EE1B-49C8-B676-D909A90BBE46}.Release|ARM.Deploy.0 = Release|Any CPU
		{CC5E6311-EE1B-49C8-B676-D909A90BBE46}.Release|iPhone.ActiveCfg = Release|Any CPU
		{CC5E6311-EE1B-49C8-B676-D909A90BBE46}.Release|iPhone.Build.0 = Release|Any CPU
		{CC5E6311-EE1B-49C8-B676-D909A90BBE46}.Release|iPhone.Deploy.0 = Release|Any CPU
		{CC5E6311-EE1B-49C8-B676-D909A90BBE46}.Release|iPhoneSimulator.ActiveCfg = Release|Any CPU
		{CC5E6311-EE1B-49C8-B676-D909A90BBE46}.Release|iPhoneSimulator.Build.0 = Release|Any CPU
		{CC5E6311-EE1B-49C8-B676-D909A90BBE46}.Release|iPhoneSimulator.Deploy.0 = Release|Any CPU
		{CC5E6311-EE1B-49C8-B676-D909A90BBE46}.Release|x64.ActiveCfg = Release|Any CPU
		{CC5E6311-EE1B-49C8-B676-D909A90BBE46}.Release|x64.Build.0 = Release|Any CPU
		{CC5E6311-EE1B-49C8-B676-D909A90BBE46}.Release|x64.Deploy.0 = Release|Any CPU
		{CC5E6311-EE1B-49C8-B676-D909A90BBE46}.Release|x86.ActiveCfg = Release|Any CPU
		{CC5E6311-EE1B-49C8-B676-D909A90BBE46}.Release|x86.Build.0 = Release|Any CPU
		{CC5E6311-EE1B-49C8-B676-D909A90BBE46}.Release|x86.Deploy.0 = Release|Any CPU
		{4F68E42A-2DE5-4235-8FDB-614C62AFFEEA}.Ad-Hoc|Any CPU.ActiveCfg = Debug|iPhoneSimulator
		{4F68E42A-2DE5-4235-8FDB-614C62AFFEEA}.Ad-Hoc|Any CPU.Build.0 = Debug|iPhoneSimulator
		{4F68E42A-2DE5-4235-8FDB-614C62AFFEEA}.Ad-Hoc|ARM.ActiveCfg = Debug|iPhoneSimulator
		{4F68E42A-2DE5-4235-8FDB-614C62AFFEEA}.Ad-Hoc|ARM.Build.0 = Debug|iPhoneSimulator
		{4F68E42A-2DE5-4235-8FDB-614C62AFFEEA}.Ad-Hoc|iPhone.ActiveCfg = Debug|iPhone
		{4F68E42A-2DE5-4235-8FDB-614C62AFFEEA}.Ad-Hoc|iPhone.Build.0 = Debug|iPhone
		{4F68E42A-2DE5-4235-8FDB-614C62AFFEEA}.Ad-Hoc|iPhoneSimulator.ActiveCfg = Debug|iPhoneSimulator
		{4F68E42A-2DE5-4235-8FDB-614C62AFFEEA}.Ad-Hoc|iPhoneSimulator.Build.0 = Debug|iPhoneSimulator
		{4F68E42A-2DE5-4235-8FDB-614C62AFFEEA}.Ad-Hoc|x64.ActiveCfg = Debug|iPhoneSimulator
		{4F68E42A-2DE5-4235-8FDB-614C62AFFEEA}.Ad-Hoc|x64.Build.0 = Debug|iPhoneSimulator
		{4F68E42A-2DE5-4235-8FDB-614C62AFFEEA}.Ad-Hoc|x86.ActiveCfg = Debug|iPhoneSimulator
		{4F68E42A-2DE5-4235-8FDB-614C62AFFEEA}.Ad-Hoc|x86.Build.0 = Debug|iPhoneSimulator
		{4F68E42A-2DE5-4235-8FDB-614C62AFFEEA}.AppStore|Any CPU.ActiveCfg = Debug|iPhoneSimulator
		{4F68E42A-2DE5-4235-8FDB-614C62AFFEEA}.AppStore|Any CPU.Build.0 = Debug|iPhoneSimulator
		{4F68E42A-2DE5-4235-8FDB-614C62AFFEEA}.AppStore|ARM.ActiveCfg = Debug|iPhoneSimulator
		{4F68E42A-2DE5-4235-8FDB-614C62AFFEEA}.AppStore|ARM.Build.0 = Debug|iPhoneSimulator
		{4F68E42A-2DE5-4235-8FDB-614C62AFFEEA}.AppStore|iPhone.ActiveCfg = Debug|iPhone
		{4F68E42A-2DE5-4235-8FDB-614C62AFFEEA}.AppStore|iPhone.Build.0 = Debug|iPhone
		{4F68E42A-2DE5-4235-8FDB-614C62AFFEEA}.AppStore|iPhoneSimulator.ActiveCfg = Debug|iPhoneSimulator
		{4F68E42A-2DE5-4235-8FDB-614C62AFFEEA}.AppStore|iPhoneSimulator.Build.0 = Debug|iPhoneSimulator
		{4F68E42A-2DE5-4235-8FDB-614C62AFFEEA}.AppStore|x64.ActiveCfg = Debug|iPhoneSimulator
		{4F68E42A-2DE5-4235-8FDB-614C62AFFEEA}.AppStore|x64.Build.0 = Debug|iPhoneSimulator
		{4F68E42A-2DE5-4235-8FDB-614C62AFFEEA}.AppStore|x86.ActiveCfg = Debug|iPhoneSimulator
		{4F68E42A-2DE5-4235-8FDB-614C62AFFEEA}.AppStore|x86.Build.0 = Debug|iPhoneSimulator
		{4F68E42A-2DE5-4235-8FDB-614C62AFFEEA}.Debug|Any CPU.ActiveCfg = Debug|iPhoneSimulator
		{4F68E42A-2DE5-4235-8FDB-614C62AFFEEA}.Debug|ARM.ActiveCfg = Debug|iPhoneSimulator
		{4F68E42A-2DE5-4235-8FDB-614C62AFFEEA}.Debug|iPhone.ActiveCfg = Debug|iPhone
		{4F68E42A-2DE5-4235-8FDB-614C62AFFEEA}.Debug|iPhone.Build.0 = Debug|iPhone
		{4F68E42A-2DE5-4235-8FDB-614C62AFFEEA}.Debug|iPhoneSimulator.ActiveCfg = Debug|iPhoneSimulator
		{4F68E42A-2DE5-4235-8FDB-614C62AFFEEA}.Debug|iPhoneSimulator.Build.0 = Debug|iPhoneSimulator
		{4F68E42A-2DE5-4235-8FDB-614C62AFFEEA}.Debug|x64.ActiveCfg = Debug|iPhoneSimulator
		{4F68E42A-2DE5-4235-8FDB-614C62AFFEEA}.Debug|x86.ActiveCfg = Debug|iPhoneSimulator
		{4F68E42A-2DE5-4235-8FDB-614C62AFFEEA}.Release|Any CPU.ActiveCfg = Release|iPhoneSimulator
		{4F68E42A-2DE5-4235-8FDB-614C62AFFEEA}.Release|ARM.ActiveCfg = Release|iPhoneSimulator
		{4F68E42A-2DE5-4235-8FDB-614C62AFFEEA}.Release|iPhone.ActiveCfg = Release|iPhone
		{4F68E42A-2DE5-4235-8FDB-614C62AFFEEA}.Release|iPhone.Build.0 = Release|iPhone
		{4F68E42A-2DE5-4235-8FDB-614C62AFFEEA}.Release|iPhoneSimulator.ActiveCfg = Release|iPhoneSimulator
		{4F68E42A-2DE5-4235-8FDB-614C62AFFEEA}.Release|iPhoneSimulator.Build.0 = Release|iPhoneSimulator
		{4F68E42A-2DE5-4235-8FDB-614C62AFFEEA}.Release|x64.ActiveCfg = Release|iPhoneSimulator
		{4F68E42A-2DE5-4235-8FDB-614C62AFFEEA}.Release|x86.ActiveCfg = Release|iPhoneSimulator
		{34DC9A0D-BE52-4B9A-AEF3-52BECD9B505D}.Ad-Hoc|Any CPU.ActiveCfg = Debug|Any CPU
		{34DC9A0D-BE52-4B9A-AEF3-52BECD9B505D}.Ad-Hoc|Any CPU.Build.0 = Debug|Any CPU
		{34DC9A0D-BE52-4B9A-AEF3-52BECD9B505D}.Ad-Hoc|ARM.ActiveCfg = Debug|Any CPU
		{34DC9A0D-BE52-4B9A-AEF3-52BECD9B505D}.Ad-Hoc|ARM.Build.0 = Debug|Any CPU
		{34DC9A0D-BE52-4B9A-AEF3-52BECD9B505D}.Ad-Hoc|iPhone.ActiveCfg = Debug|Any CPU
		{34DC9A0D-BE52-4B9A-AEF3-52BECD9B505D}.Ad-Hoc|iPhone.Build.0 = Debug|Any CPU
		{34DC9A0D-BE52-4B9A-AEF3-52BECD9B505D}.Ad-Hoc|iPhoneSimulator.ActiveCfg = Debug|Any CPU
		{34DC9A0D-BE52-4B9A-AEF3-52BECD9B505D}.Ad-Hoc|iPhoneSimulator.Build.0 = Debug|Any CPU
		{34DC9A0D-BE52-4B9A-AEF3-52BECD9B505D}.Ad-Hoc|x64.ActiveCfg = Debug|Any CPU
		{34DC9A0D-BE52-4B9A-AEF3-52BECD9B505D}.Ad-Hoc|x64.Build.0 = Debug|Any CPU
		{34DC9A0D-BE52-4B9A-AEF3-52BECD9B505D}.Ad-Hoc|x86.ActiveCfg = Debug|Any CPU
		{34DC9A0D-BE52-4B9A-AEF3-52BECD9B505D}.Ad-Hoc|x86.Build.0 = Debug|Any CPU
		{34DC9A0D-BE52-4B9A-AEF3-52BECD9B505D}.AppStore|Any CPU.ActiveCfg = Debug|Any CPU
		{34DC9A0D-BE52-4B9A-AEF3-52BECD9B505D}.AppStore|Any CPU.Build.0 = Debug|Any CPU
		{34DC9A0D-BE52-4B9A-AEF3-52BECD9B505D}.AppStore|ARM.ActiveCfg = Debug|Any CPU
		{34DC9A0D-BE52-4B9A-AEF3-52BECD9B505D}.AppStore|ARM.Build.0 = Debug|Any CPU
		{34DC9A0D-BE52-4B9A-AEF3-52BECD9B505D}.AppStore|iPhone.ActiveCfg = Debug|Any CPU
		{34DC9A0D-BE52-4B9A-AEF3-52BECD9B505D}.AppStore|iPhone.Build.0 = Debug|Any CPU
		{34DC9A0D-BE52-4B9A-AEF3-52BECD9B505D}.AppStore|iPhoneSimulator.ActiveCfg = Debug|Any CPU
		{34DC9A0D-BE52-4B9A-AEF3-52BECD9B505D}.AppStore|iPhoneSimulator.Build.0 = Debug|Any CPU
		{34DC9A0D-BE52-4B9A-AEF3-52BECD9B505D}.AppStore|x64.ActiveCfg = Debug|Any CPU
		{34DC9A0D-BE52-4B9A-AEF3-52BECD9B505D}.AppStore|x64.Build.0 = Debug|Any CPU
		{34DC9A0D-BE52-4B9A-AEF3-52BECD9B505D}.AppStore|x86.ActiveCfg = Debug|Any CPU
		{34DC9A0D-BE52-4B9A-AEF3-52BECD9B505D}.AppStore|x86.Build.0 = Debug|Any CPU
		{34DC9A0D-BE52-4B9A-AEF3-52BECD9B505D}.Debug|Any CPU.ActiveCfg = Debug|Any CPU
		{34DC9A0D-BE52-4B9A-AEF3-52BECD9B505D}.Debug|Any CPU.Build.0 = Debug|Any CPU
		{34DC9A0D-BE52-4B9A-AEF3-52BECD9B505D}.Debug|ARM.ActiveCfg = Debug|Any CPU
		{34DC9A0D-BE52-4B9A-AEF3-52BECD9B505D}.Debug|ARM.Build.0 = Debug|Any CPU
		{34DC9A0D-BE52-4B9A-AEF3-52BECD9B505D}.Debug|iPhone.ActiveCfg = Debug|Any CPU
		{34DC9A0D-BE52-4B9A-AEF3-52BECD9B505D}.Debug|iPhone.Build.0 = Debug|Any CPU
		{34DC9A0D-BE52-4B9A-AEF3-52BECD9B505D}.Debug|iPhoneSimulator.ActiveCfg = Debug|Any CPU
		{34DC9A0D-BE52-4B9A-AEF3-52BECD9B505D}.Debug|iPhoneSimulator.Build.0 = Debug|Any CPU
		{34DC9A0D-BE52-4B9A-AEF3-52BECD9B505D}.Debug|x64.ActiveCfg = Debug|Any CPU
		{34DC9A0D-BE52-4B9A-AEF3-52BECD9B505D}.Debug|x64.Build.0 = Debug|Any CPU
		{34DC9A0D-BE52-4B9A-AEF3-52BECD9B505D}.Debug|x86.ActiveCfg = Debug|Any CPU
		{34DC9A0D-BE52-4B9A-AEF3-52BECD9B505D}.Debug|x86.Build.0 = Debug|Any CPU
		{34DC9A0D-BE52-4B9A-AEF3-52BECD9B505D}.Release|Any CPU.ActiveCfg = Release|Any CPU
		{34DC9A0D-BE52-4B9A-AEF3-52BECD9B505D}.Release|Any CPU.Build.0 = Release|Any CPU
		{34DC9A0D-BE52-4B9A-AEF3-52BECD9B505D}.Release|ARM.ActiveCfg = Release|Any CPU
		{34DC9A0D-BE52-4B9A-AEF3-52BECD9B505D}.Release|ARM.Build.0 = Release|Any CPU
		{34DC9A0D-BE52-4B9A-AEF3-52BECD9B505D}.Release|iPhone.ActiveCfg = Release|Any CPU
		{34DC9A0D-BE52-4B9A-AEF3-52BECD9B505D}.Release|iPhone.Build.0 = Release|Any CPU
		{34DC9A0D-BE52-4B9A-AEF3-52BECD9B505D}.Release|iPhoneSimulator.ActiveCfg = Release|Any CPU
		{34DC9A0D-BE52-4B9A-AEF3-52BECD9B505D}.Release|iPhoneSimulator.Build.0 = Release|Any CPU
		{34DC9A0D-BE52-4B9A-AEF3-52BECD9B505D}.Release|x64.ActiveCfg = Release|Any CPU
		{34DC9A0D-BE52-4B9A-AEF3-52BECD9B505D}.Release|x64.Build.0 = Release|Any CPU
		{34DC9A0D-BE52-4B9A-AEF3-52BECD9B505D}.Release|x86.ActiveCfg = Release|Any CPU
		{34DC9A0D-BE52-4B9A-AEF3-52BECD9B505D}.Release|x86.Build.0 = Release|Any CPU
	EndGlobalSection
	GlobalSection(SolutionProperties) = preSolution
		HideSolutionNode = FALSE
	EndGlobalSection
	GlobalSection(ExtensibilityGlobals) = postSolution
		SolutionGuid = {60479C7B-0AAF-4999-AC50-1F10AC34AD60}
	EndGlobalSection
EndGlobal
