
Microsoft Visual Studio Solution File, Format Version 12.00
# Visual Studio 15
VisualStudioVersion = 15.0.26430.16
MinimumVisualStudioVersion = 10.0.40219.1
Project("{2150E333-8FDC-42A3-9474-1A3956D46DE8}") = "Sample", "Sample", "{C77DCAB9-C932-4176-8402-3F891907796F}"
EndProject
Project("{9A19103F-16F7-4668-BE54-9A1E7A4F7556}") = "Xamarin.Forms.GoogleMaps.Bindings", "Xamarin.Forms.GoogleMaps.Bindings\Xamarin.Forms.GoogleMaps.Bindings.csproj", "{DD9AC353-60C8-4E67-BD8C-BE98C6814357}"
EndProject
Project("{FAE04EC0-301F-11D3-BF4B-00C04F79EFBC}") = "GoogleMaps.Bindings.Android", "..\Sample\GoogleMaps.Bindings\GoogleMaps.Bindings.Android\GoogleMaps.Bindings.Android.csproj", "{37D5E71F-E9D9-48AB-B4CB-2E871358D30C}"
EndProject
Project("{FAE04EC0-301F-11D3-BF4B-00C04F79EFBC}") = "GoogleMaps.Bindings.iOS", "..\Sample\GoogleMaps.Bindings\GoogleMaps.Bindings.iOS\GoogleMaps.Bindings.iOS.csproj", "{099FDA87-0B48-49D9-B996-C4780B8CB4D9}"
EndProject
Project("{FAE04EC0-301F-11D3-BF4B-00C04F79EFBC}") = "GoogleMaps.Bindings.UWP", "..\Sample\GoogleMaps.Bindings\GoogleMaps.Bindings.UWP\GoogleMaps.Bindings.UWP.csproj", "{DFE4BF92-AC86-478B-ACD1-EC93323A85DC}"
EndProject
Project("{FAE04EC0-301F-11D3-BF4B-00C04F79EFBC}") = "GoogleMaps.Bindings", "..\Sample\GoogleMaps.Bindings\GoogleMaps.Bindings\GoogleMaps.Bindings.csproj", "{0875D5EF-F6E9-4BBD-85BD-4CC519A71E0A}"
EndProject
Global
	GlobalSection(SolutionConfigurationPlatforms) = preSolution
		Ad-Hoc|Any CPU = Ad-Hoc|Any CPU
		Ad-Hoc|ARM = Ad-Hoc|ARM
		Ad-Hoc|iPhone = Ad-Hoc|iPhone
		Ad-Hoc|iPhoneSimulator = Ad-Hoc|iPhoneSimulator
		Ad-Hoc|x64 = Ad-Hoc|x64
		Ad-Hoc|x86 = Ad-Hoc|x86
		AppStore|Any CPU = AppStore|Any CPU
		AppStore|ARM = AppStore|ARM
		AppStore|iPhone = AppStore|iPhone
		AppStore|iPhoneSimulator = AppStore|iPhoneSimulator
		AppStore|x64 = AppStore|x64
		AppStore|x86 = AppStore|x86
		Debug|Any CPU = Debug|Any CPU
		Debug|ARM = Debug|ARM
		Debug|iPhone = Debug|iPhone
		Debug|iPhoneSimulator = Debug|iPhoneSimulator
		Debug|x64 = Debug|x64
		Debug|x86 = Debug|x86
		Release|Any CPU = Release|Any CPU
		Release|ARM = Release|ARM
		Release|iPhone = Release|iPhone
		Release|iPhoneSimulator = Release|iPhoneSimulator
		Release|x64 = Release|x64
		Release|x86 = Release|x86
	EndGlobalSection
	GlobalSection(ProjectConfigurationPlatforms) = postSolution
		{DD9AC353-60C8-4E67-BD8C-BE98C6814357}.Ad-Hoc|Any CPU.ActiveCfg = Debug|Any CPU
		{DD9AC353-60C8-4E67-BD8C-BE98C6814357}.Ad-Hoc|Any CPU.Build.0 = Debug|Any CPU
		{DD9AC353-60C8-4E67-BD8C-BE98C6814357}.Ad-Hoc|ARM.ActiveCfg = Debug|Any CPU
		{DD9AC353-60C8-4E67-BD8C-BE98C6814357}.Ad-Hoc|ARM.Build.0 = Debug|Any CPU
		{DD9AC353-60C8-4E67-BD8C-BE98C6814357}.Ad-Hoc|iPhone.ActiveCfg = Debug|Any CPU
		{DD9AC353-60C8-4E67-BD8C-BE98C6814357}.Ad-Hoc|iPhone.Build.0 = Debug|Any CPU
		{DD9AC353-60C8-4E67-BD8C-BE98C6814357}.Ad-Hoc|iPhoneSimulator.ActiveCfg = Debug|Any CPU
		{DD9AC353-60C8-4E67-BD8C-BE98C6814357}.Ad-Hoc|iPhoneSimulator.Build.0 = Debug|Any CPU
		{DD9AC353-60C8-4E67-BD8C-BE98C6814357}.Ad-Hoc|x64.ActiveCfg = Debug|Any CPU
		{DD9AC353-60C8-4E67-BD8C-BE98C6814357}.Ad-Hoc|x64.Build.0 = Debug|Any CPU
		{DD9AC353-60C8-4E67-BD8C-BE98C6814357}.Ad-Hoc|x86.ActiveCfg = Debug|Any CPU
		{DD9AC353-60C8-4E67-BD8C-BE98C6814357}.Ad-Hoc|x86.Build.0 = Debug|Any CPU
		{DD9AC353-60C8-4E67-BD8C-BE98C6814357}.AppStore|Any CPU.ActiveCfg = Debug|Any CPU
		{DD9AC353-60C8-4E67-BD8C-BE98C6814357}.AppStore|Any CPU.Build.0 = Debug|Any CPU
		{DD9AC353-60C8-4E67-BD8C-BE98C6814357}.AppStore|ARM.ActiveCfg = Debug|Any CPU
		{DD9AC353-60C8-4E67-BD8C-BE98C6814357}.AppStore|ARM.Build.0 = Debug|Any CPU
		{DD9AC353-60C8-4E67-BD8C-BE98C6814357}.AppStore|iPhone.ActiveCfg = Debug|Any CPU
		{DD9AC353-60C8-4E67-BD8C-BE98C6814357}.AppStore|iPhone.Build.0 = Debug|Any CPU
		{DD9AC353-60C8-4E67-BD8C-BE98C6814357}.AppStore|iPhoneSimulator.ActiveCfg = Debug|Any CPU
		{DD9AC353-60C8-4E67-BD8C-BE98C6814357}.AppStore|iPhoneSimulator.Build.0 = Debug|Any CPU
		{DD9AC353-60C8-4E67-BD8C-BE98C6814357}.AppStore|x64.ActiveCfg = Debug|Any CPU
		{DD9AC353-60C8-4E67-BD8C-BE98C6814357}.AppStore|x64.Build.0 = Debug|Any CPU
		{DD9AC353-60C8-4E67-BD8C-BE98C6814357}.AppStore|x86.ActiveCfg = Debug|Any CPU
		{DD9AC353-60C8-4E67-BD8C-BE98C6814357}.AppStore|x86.Build.0 = Debug|Any CPU
		{DD9AC353-60C8-4E67-BD8C-BE98C6814357}.Debug|Any CPU.ActiveCfg = Debug|Any CPU
		{DD9AC353-60C8-4E67-BD8C-BE98C6814357}.Debug|Any CPU.Build.0 = Debug|Any CPU
		{DD9AC353-60C8-4E67-BD8C-BE98C6814357}.Debug|ARM.ActiveCfg = Debug|Any CPU
		{DD9AC353-60C8-4E67-BD8C-BE98C6814357}.Debug|ARM.Build.0 = Debug|Any CPU
		{DD9AC353-60C8-4E67-BD8C-BE98C6814357}.Debug|iPhone.ActiveCfg = Debug|Any CPU
		{DD9AC353-60C8-4E67-BD8C-BE98C6814357}.Debug|iPhone.Build.0 = Debug|Any CPU
		{DD9AC353-60C8-4E67-BD8C-BE98C6814357}.Debug|iPhoneSimulator.ActiveCfg = Debug|Any CPU
		{DD9AC353-60C8-4E67-BD8C-BE98C6814357}.Debug|iPhoneSimulator.Build.0 = Debug|Any CPU
		{DD9AC353-60C8-4E67-BD8C-BE98C6814357}.Debug|x64.ActiveCfg = Debug|Any CPU
		{DD9AC353-60C8-4E67-BD8C-BE98C6814357}.Debug|x64.Build.0 = Debug|Any CPU
		{DD9AC353-60C8-4E67-BD8C-BE98C6814357}.Debug|x86.ActiveCfg = Debug|Any CPU
		{DD9AC353-60C8-4E67-BD8C-BE98C6814357}.Debug|x86.Build.0 = Debug|Any CPU
		{DD9AC353-60C8-4E67-BD8C-BE98C6814357}.Release|Any CPU.ActiveCfg = Release|Any CPU
		{DD9AC353-60C8-4E67-BD8C-BE98C6814357}.Release|Any CPU.Build.0 = Release|Any CPU
		{DD9AC353-60C8-4E67-BD8C-BE98C6814357}.Release|ARM.ActiveCfg = Release|Any CPU
		{DD9AC353-60C8-4E67-BD8C-BE98C6814357}.Release|ARM.Build.0 = Release|Any CPU
		{DD9AC353-60C8-4E67-BD8C-BE98C6814357}.Release|iPhone.ActiveCfg = Release|Any CPU
		{DD9AC353-60C8-4E67-BD8C-BE98C6814357}.Release|iPhone.Build.0 = Release|Any CPU
		{DD9AC353-60C8-4E67-BD8C-BE98C6814357}.Release|iPhoneSimulator.ActiveCfg = Release|Any CPU
		{DD9AC353-60C8-4E67-BD8C-BE98C6814357}.Release|iPhoneSimulator.Build.0 = Release|Any CPU
		{DD9AC353-60C8-4E67-BD8C-BE98C6814357}.Release|x64.ActiveCfg = Release|Any CPU
		{DD9AC353-60C8-4E67-BD8C-BE98C6814357}.Release|x64.Build.0 = Release|Any CPU
		{DD9AC353-60C8-4E67-BD8C-BE98C6814357}.Release|x86.ActiveCfg = Release|Any CPU
		{DD9AC353-60C8-4E67-BD8C-BE98C6814357}.Release|x86.Build.0 = Release|Any CPU
		{37D5E71F-E9D9-48AB-B4CB-2E871358D30C}.Ad-Hoc|Any CPU.ActiveCfg = Release|Any CPU
		{37D5E71F-E9D9-48AB-B4CB-2E871358D30C}.Ad-Hoc|Any CPU.Build.0 = Release|Any CPU
		{37D5E71F-E9D9-48AB-B4CB-2E871358D30C}.Ad-Hoc|Any CPU.Deploy.0 = Release|Any CPU
		{37D5E71F-E9D9-48AB-B4CB-2E871358D30C}.Ad-Hoc|ARM.ActiveCfg = Release|Any CPU
		{37D5E71F-E9D9-48AB-B4CB-2E871358D30C}.Ad-Hoc|ARM.Build.0 = Release|Any CPU
		{37D5E71F-E9D9-48AB-B4CB-2E871358D30C}.Ad-Hoc|ARM.Deploy.0 = Release|Any CPU
		{37D5E71F-E9D9-48AB-B4CB-2E871358D30C}.Ad-Hoc|iPhone.ActiveCfg = Release|Any CPU
		{37D5E71F-E9D9-48AB-B4CB-2E871358D30C}.Ad-Hoc|iPhone.Build.0 = Release|Any CPU
		{37D5E71F-E9D9-48AB-B4CB-2E871358D30C}.Ad-Hoc|iPhone.Deploy.0 = Release|Any CPU
		{37D5E71F-E9D9-48AB-B4CB-2E871358D30C}.Ad-Hoc|iPhoneSimulator.ActiveCfg = Release|Any CPU
		{37D5E71F-E9D9-48AB-B4CB-2E871358D30C}.Ad-Hoc|iPhoneSimulator.Build.0 = Release|Any CPU
		{37D5E71F-E9D9-48AB-B4CB-2E871358D30C}.Ad-Hoc|iPhoneSimulator.Deploy.0 = Release|Any CPU
		{37D5E71F-E9D9-48AB-B4CB-2E871358D30C}.Ad-Hoc|x64.ActiveCfg = Release|Any CPU
		{37D5E71F-E9D9-48AB-B4CB-2E871358D30C}.Ad-Hoc|x64.Build.0 = Release|Any CPU
		{37D5E71F-E9D9-48AB-B4CB-2E871358D30C}.Ad-Hoc|x64.Deploy.0 = Release|Any CPU
		{37D5E71F-E9D9-48AB-B4CB-2E871358D30C}.Ad-Hoc|x86.ActiveCfg = Release|Any CPU
		{37D5E71F-E9D9-48AB-B4CB-2E871358D30C}.Ad-Hoc|x86.Build.0 = Release|Any CPU
		{37D5E71F-E9D9-48AB-B4CB-2E871358D30C}.Ad-Hoc|x86.Deploy.0 = Release|Any CPU
		{37D5E71F-E9D9-48AB-B4CB-2E871358D30C}.AppStore|Any CPU.ActiveCfg = Release|Any CPU
		{37D5E71F-E9D9-48AB-B4CB-2E871358D30C}.AppStore|Any CPU.Build.0 = Release|Any CPU
		{37D5E71F-E9D9-48AB-B4CB-2E871358D30C}.AppStore|Any CPU.Deploy.0 = Release|Any CPU
		{37D5E71F-E9D9-48AB-B4CB-2E871358D30C}.AppStore|ARM.ActiveCfg = Release|Any CPU
		{37D5E71F-E9D9-48AB-B4CB-2E871358D30C}.AppStore|ARM.Build.0 = Release|Any CPU
		{37D5E71F-E9D9-48AB-B4CB-2E871358D30C}.AppStore|ARM.Deploy.0 = Release|Any CPU
		{37D5E71F-E9D9-48AB-B4CB-2E871358D30C}.AppStore|iPhone.ActiveCfg = Release|Any CPU
		{37D5E71F-E9D9-48AB-B4CB-2E871358D30C}.AppStore|iPhone.Build.0 = Release|Any CPU
		{37D5E71F-E9D9-48AB-B4CB-2E871358D30C}.AppStore|iPhone.Deploy.0 = Release|Any CPU
		{37D5E71F-E9D9-48AB-B4CB-2E871358D30C}.AppStore|iPhoneSimulator.ActiveCfg = Release|Any CPU
		{37D5E71F-E9D9-48AB-B4CB-2E871358D30C}.AppStore|iPhoneSimulator.Build.0 = Release|Any CPU
		{37D5E71F-E9D9-48AB-B4CB-2E871358D30C}.AppStore|iPhoneSimulator.Deploy.0 = Release|Any CPU
		{37D5E71F-E9D9-48AB-B4CB-2E871358D30C}.AppStore|x64.ActiveCfg = Release|Any CPU
		{37D5E71F-E9D9-48AB-B4CB-2E871358D30C}.AppStore|x64.Build.0 = Release|Any CPU
		{37D5E71F-E9D9-48AB-B4CB-2E871358D30C}.AppStore|x64.Deploy.0 = Release|Any CPU
		{37D5E71F-E9D9-48AB-B4CB-2E871358D30C}.AppStore|x86.ActiveCfg = Release|Any CPU
		{37D5E71F-E9D9-48AB-B4CB-2E871358D30C}.AppStore|x86.Build.0 = Release|Any CPU
		{37D5E71F-E9D9-48AB-B4CB-2E871358D30C}.AppStore|x86.Deploy.0 = Release|Any CPU
		{37D5E71F-E9D9-48AB-B4CB-2E871358D30C}.Debug|Any CPU.ActiveCfg = Debug|Any CPU
		{37D5E71F-E9D9-48AB-B4CB-2E871358D30C}.Debug|Any CPU.Build.0 = Debug|Any CPU
		{37D5E71F-E9D9-48AB-B4CB-2E871358D30C}.Debug|Any CPU.Deploy.0 = Debug|Any CPU
		{37D5E71F-E9D9-48AB-B4CB-2E871358D30C}.Debug|ARM.ActiveCfg = Debug|Any CPU
		{37D5E71F-E9D9-48AB-B4CB-2E871358D30C}.Debug|ARM.Build.0 = Debug|Any CPU
		{37D5E71F-E9D9-48AB-B4CB-2E871358D30C}.Debug|ARM.Deploy.0 = Debug|Any CPU
		{37D5E71F-E9D9-48AB-B4CB-2E871358D30C}.Debug|iPhone.ActiveCfg = Debug|Any CPU
		{37D5E71F-E9D9-48AB-B4CB-2E871358D30C}.Debug|iPhone.Build.0 = Debug|Any CPU
		{37D5E71F-E9D9-48AB-B4CB-2E871358D30C}.Debug|iPhone.Deploy.0 = Debug|Any CPU
		{37D5E71F-E9D9-48AB-B4CB-2E871358D30C}.Debug|iPhoneSimulator.ActiveCfg = Debug|Any CPU
		{37D5E71F-E9D9-48AB-B4CB-2E871358D30C}.Debug|iPhoneSimulator.Build.0 = Debug|Any CPU
		{37D5E71F-E9D9-48AB-B4CB-2E871358D30C}.Debug|iPhoneSimulator.Deploy.0 = Debug|Any CPU
		{37D5E71F-E9D9-48AB-B4CB-2E871358D30C}.Debug|x64.ActiveCfg = Debug|Any CPU
		{37D5E71F-E9D9-48AB-B4CB-2E871358D30C}.Debug|x64.Build.0 = Debug|Any CPU
		{37D5E71F-E9D9-48AB-B4CB-2E871358D30C}.Debug|x64.Deploy.0 = Debug|Any CPU
		{37D5E71F-E9D9-48AB-B4CB-2E871358D30C}.Debug|x86.ActiveCfg = Debug|Any CPU
		{37D5E71F-E9D9-48AB-B4CB-2E871358D30C}.Debug|x86.Build.0 = Debug|Any CPU
		{37D5E71F-E9D9-48AB-B4CB-2E871358D30C}.Debug|x86.Deploy.0 = Debug|Any CPU
		{37D5E71F-E9D9-48AB-B4CB-2E871358D30C}.Release|Any CPU.ActiveCfg = Release|Any CPU
		{37D5E71F-E9D9-48AB-B4CB-2E871358D30C}.Release|Any CPU.Build.0 = Release|Any CPU
		{37D5E71F-E9D9-48AB-B4CB-2E871358D30C}.Release|Any CPU.Deploy.0 = Release|Any CPU
		{37D5E71F-E9D9-48AB-B4CB-2E871358D30C}.Release|ARM.ActiveCfg = Release|Any CPU
		{37D5E71F-E9D9-48AB-B4CB-2E871358D30C}.Release|ARM.Build.0 = Release|Any CPU
		{37D5E71F-E9D9-48AB-B4CB-2E871358D30C}.Release|ARM.Deploy.0 = Release|Any CPU
		{37D5E71F-E9D9-48AB-B4CB-2E871358D30C}.Release|iPhone.ActiveCfg = Release|Any CPU
		{37D5E71F-E9D9-48AB-B4CB-2E871358D30C}.Release|iPhone.Build.0 = Release|Any CPU
		{37D5E71F-E9D9-48AB-B4CB-2E871358D30C}.Release|iPhone.Deploy.0 = Release|Any CPU
		{37D5E71F-E9D9-48AB-B4CB-2E871358D30C}.Release|iPhoneSimulator.ActiveCfg = Release|Any CPU
		{37D5E71F-E9D9-48AB-B4CB-2E871358D30C}.Release|iPhoneSimulator.Build.0 = Release|Any CPU
		{37D5E71F-E9D9-48AB-B4CB-2E871358D30C}.Release|iPhoneSimulator.Deploy.0 = Release|Any CPU
		{37D5E71F-E9D9-48AB-B4CB-2E871358D30C}.Release|x64.ActiveCfg = Release|Any CPU
		{37D5E71F-E9D9-48AB-B4CB-2E871358D30C}.Release|x64.Build.0 = Release|Any CPU
		{37D5E71F-E9D9-48AB-B4CB-2E871358D30C}.Release|x64.Deploy.0 = Release|Any CPU
		{37D5E71F-E9D9-48AB-B4CB-2E871358D30C}.Release|x86.ActiveCfg = Release|Any CPU
		{37D5E71F-E9D9-48AB-B4CB-2E871358D30C}.Release|x86.Build.0 = Release|Any CPU
		{37D5E71F-E9D9-48AB-B4CB-2E871358D30C}.Release|x86.Deploy.0 = Release|Any CPU
		{099FDA87-0B48-49D9-B996-C4780B8CB4D9}.Ad-Hoc|Any CPU.ActiveCfg = Ad-Hoc|iPhone
		{099FDA87-0B48-49D9-B996-C4780B8CB4D9}.Ad-Hoc|ARM.ActiveCfg = Ad-Hoc|iPhone
		{099FDA87-0B48-49D9-B996-C4780B8CB4D9}.Ad-Hoc|iPhone.ActiveCfg = Ad-Hoc|iPhone
		{099FDA87-0B48-49D9-B996-C4780B8CB4D9}.Ad-Hoc|iPhone.Build.0 = Ad-Hoc|iPhone
		{099FDA87-0B48-49D9-B996-C4780B8CB4D9}.Ad-Hoc|iPhoneSimulator.ActiveCfg = Ad-Hoc|iPhoneSimulator
		{099FDA87-0B48-49D9-B996-C4780B8CB4D9}.Ad-Hoc|iPhoneSimulator.Build.0 = Ad-Hoc|iPhoneSimulator
		{099FDA87-0B48-49D9-B996-C4780B8CB4D9}.Ad-Hoc|x64.ActiveCfg = Ad-Hoc|iPhone
		{099FDA87-0B48-49D9-B996-C4780B8CB4D9}.Ad-Hoc|x86.ActiveCfg = Ad-Hoc|iPhone
		{099FDA87-0B48-49D9-B996-C4780B8CB4D9}.AppStore|Any CPU.ActiveCfg = AppStore|iPhone
		{099FDA87-0B48-49D9-B996-C4780B8CB4D9}.AppStore|ARM.ActiveCfg = AppStore|iPhone
		{099FDA87-0B48-49D9-B996-C4780B8CB4D9}.AppStore|iPhone.ActiveCfg = AppStore|iPhone
		{099FDA87-0B48-49D9-B996-C4780B8CB4D9}.AppStore|iPhone.Build.0 = AppStore|iPhone
		{099FDA87-0B48-49D9-B996-C4780B8CB4D9}.AppStore|iPhoneSimulator.ActiveCfg = AppStore|iPhoneSimulator
		{099FDA87-0B48-49D9-B996-C4780B8CB4D9}.AppStore|iPhoneSimulator.Build.0 = AppStore|iPhoneSimulator
		{099FDA87-0B48-49D9-B996-C4780B8CB4D9}.AppStore|x64.ActiveCfg = AppStore|iPhone
		{099FDA87-0B48-49D9-B996-C4780B8CB4D9}.AppStore|x86.ActiveCfg = AppStore|iPhone
		{099FDA87-0B48-49D9-B996-C4780B8CB4D9}.Debug|Any CPU.ActiveCfg = Debug|iPhone
		{099FDA87-0B48-49D9-B996-C4780B8CB4D9}.Debug|ARM.ActiveCfg = Debug|iPhone
		{099FDA87-0B48-49D9-B996-C4780B8CB4D9}.Debug|iPhone.ActiveCfg = Debug|iPhone
		{099FDA87-0B48-49D9-B996-C4780B8CB4D9}.Debug|iPhone.Build.0 = Debug|iPhone
		{099FDA87-0B48-49D9-B996-C4780B8CB4D9}.Debug|iPhoneSimulator.ActiveCfg = Debug|iPhoneSimulator
		{099FDA87-0B48-49D9-B996-C4780B8CB4D9}.Debug|iPhoneSimulator.Build.0 = Debug|iPhoneSimulator
		{099FDA87-0B48-49D9-B996-C4780B8CB4D9}.Debug|x64.ActiveCfg = Debug|iPhone
		{099FDA87-0B48-49D9-B996-C4780B8CB4D9}.Debug|x86.ActiveCfg = Debug|iPhone
		{099FDA87-0B48-49D9-B996-C4780B8CB4D9}.Release|Any CPU.ActiveCfg = Release|iPhone
		{099FDA87-0B48-49D9-B996-C4780B8CB4D9}.Release|ARM.ActiveCfg = Release|iPhone
		{099FDA87-0B48-49D9-B996-C4780B8CB4D9}.Release|iPhone.ActiveCfg = Release|iPhone
		{099FDA87-0B48-49D9-B996-C4780B8CB4D9}.Release|iPhone.Build.0 = Release|iPhone
		{099FDA87-0B48-49D9-B996-C4780B8CB4D9}.Release|iPhoneSimulator.ActiveCfg = Release|iPhoneSimulator
		{099FDA87-0B48-49D9-B996-C4780B8CB4D9}.Release|iPhoneSimulator.Build.0 = Release|iPhoneSimulator
		{099FDA87-0B48-49D9-B996-C4780B8CB4D9}.Release|x64.ActiveCfg = Release|iPhone
		{099FDA87-0B48-49D9-B996-C4780B8CB4D9}.Release|x86.ActiveCfg = Release|iPhone
		{DFE4BF92-AC86-478B-ACD1-EC93323A85DC}.Ad-Hoc|Any CPU.ActiveCfg = Release|x86
		{DFE4BF92-AC86-478B-ACD1-EC93323A85DC}.Ad-Hoc|Any CPU.Build.0 = Release|x86
		{DFE4BF92-AC86-478B-ACD1-EC93323A85DC}.Ad-Hoc|Any CPU.Deploy.0 = Release|x86
		{DFE4BF92-AC86-478B-ACD1-EC93323A85DC}.Ad-Hoc|ARM.ActiveCfg = Release|ARM
		{DFE4BF92-AC86-478B-ACD1-EC93323A85DC}.Ad-Hoc|ARM.Build.0 = Release|ARM
		{DFE4BF92-AC86-478B-ACD1-EC93323A85DC}.Ad-Hoc|ARM.Deploy.0 = Release|ARM
		{DFE4BF92-AC86-478B-ACD1-EC93323A85DC}.Ad-Hoc|iPhone.ActiveCfg = Release|x86
		{DFE4BF92-AC86-478B-ACD1-EC93323A85DC}.Ad-Hoc|iPhone.Build.0 = Release|x86
		{DFE4BF92-AC86-478B-ACD1-EC93323A85DC}.Ad-Hoc|iPhone.Deploy.0 = Release|x86
		{DFE4BF92-AC86-478B-ACD1-EC93323A85DC}.Ad-Hoc|iPhoneSimulator.ActiveCfg = Release|x86
		{DFE4BF92-AC86-478B-ACD1-EC93323A85DC}.Ad-Hoc|iPhoneSimulator.Build.0 = Release|x86
		{DFE4BF92-AC86-478B-ACD1-EC93323A85DC}.Ad-Hoc|iPhoneSimulator.Deploy.0 = Release|x86
		{DFE4BF92-AC86-478B-ACD1-EC93323A85DC}.Ad-Hoc|x64.ActiveCfg = Release|x64
		{DFE4BF92-AC86-478B-ACD1-EC93323A85DC}.Ad-Hoc|x64.Build.0 = Release|x64
		{DFE4BF92-AC86-478B-ACD1-EC93323A85DC}.Ad-Hoc|x64.Deploy.0 = Release|x64
		{DFE4BF92-AC86-478B-ACD1-EC93323A85DC}.Ad-Hoc|x86.ActiveCfg = Release|x86
		{DFE4BF92-AC86-478B-ACD1-EC93323A85DC}.Ad-Hoc|x86.Build.0 = Release|x86
		{DFE4BF92-AC86-478B-ACD1-EC93323A85DC}.Ad-Hoc|x86.Deploy.0 = Release|x86
		{DFE4BF92-AC86-478B-ACD1-EC93323A85DC}.AppStore|Any CPU.ActiveCfg = Release|x86
		{DFE4BF92-AC86-478B-ACD1-EC93323A85DC}.AppStore|Any CPU.Build.0 = Release|x86
		{DFE4BF92-AC86-478B-ACD1-EC93323A85DC}.AppStore|Any CPU.Deploy.0 = Release|x86
		{DFE4BF92-AC86-478B-ACD1-EC93323A85DC}.AppStore|ARM.ActiveCfg = Release|ARM
		{DFE4BF92-AC86-478B-ACD1-EC93323A85DC}.AppStore|ARM.Build.0 = Release|ARM
		{DFE4BF92-AC86-478B-ACD1-EC93323A85DC}.AppStore|ARM.Deploy.0 = Release|ARM
		{DFE4BF92-AC86-478B-ACD1-EC93323A85DC}.AppStore|iPhone.ActiveCfg = Release|x86
		{DFE4BF92-AC86-478B-ACD1-EC93323A85DC}.AppStore|iPhone.Build.0 = Release|x86
		{DFE4BF92-AC86-478B-ACD1-EC93323A85DC}.AppStore|iPhone.Deploy.0 = Release|x86
		{DFE4BF92-AC86-478B-ACD1-EC93323A85DC}.AppStore|iPhoneSimulator.ActiveCfg = Release|x86
		{DFE4BF92-AC86-478B-ACD1-EC93323A85DC}.AppStore|iPhoneSimulator.Build.0 = Release|x86
		{DFE4BF92-AC86-478B-ACD1-EC93323A85DC}.AppStore|iPhoneSimulator.Deploy.0 = Release|x86
		{DFE4BF92-AC86-478B-ACD1-EC93323A85DC}.AppStore|x64.ActiveCfg = Release|x64
		{DFE4BF92-AC86-478B-ACD1-EC93323A85DC}.AppStore|x64.Build.0 = Release|x64
		{DFE4BF92-AC86-478B-ACD1-EC93323A85DC}.AppStore|x64.Deploy.0 = Release|x64
		{DFE4BF92-AC86-478B-ACD1-EC93323A85DC}.AppStore|x86.ActiveCfg = Release|x86
		{DFE4BF92-AC86-478B-ACD1-EC93323A85DC}.AppStore|x86.Build.0 = Release|x86
		{DFE4BF92-AC86-478B-ACD1-EC93323A85DC}.AppStore|x86.Deploy.0 = Release|x86
		{DFE4BF92-AC86-478B-ACD1-EC93323A85DC}.Debug|Any CPU.ActiveCfg = Debug|x86
		{DFE4BF92-AC86-478B-ACD1-EC93323A85DC}.Debug|ARM.ActiveCfg = Debug|ARM
		{DFE4BF92-AC86-478B-ACD1-EC93323A85DC}.Debug|ARM.Build.0 = Debug|ARM
		{DFE4BF92-AC86-478B-ACD1-EC93323A85DC}.Debug|ARM.Deploy.0 = Debug|ARM
		{DFE4BF92-AC86-478B-ACD1-EC93323A85DC}.Debug|iPhone.ActiveCfg = Debug|x86
		{DFE4BF92-AC86-478B-ACD1-EC93323A85DC}.Debug|iPhoneSimulator.ActiveCfg = Debug|x86
		{DFE4BF92-AC86-478B-ACD1-EC93323A85DC}.Debug|x64.ActiveCfg = Debug|x64
		{DFE4BF92-AC86-478B-ACD1-EC93323A85DC}.Debug|x64.Build.0 = Debug|x64
		{DFE4BF92-AC86-478B-ACD1-EC93323A85DC}.Debug|x64.Deploy.0 = Debug|x64
		{DFE4BF92-AC86-478B-ACD1-EC93323A85DC}.Debug|x86.ActiveCfg = Debug|x86
		{DFE4BF92-AC86-478B-ACD1-EC93323A85DC}.Debug|x86.Build.0 = Debug|x86
		{DFE4BF92-AC86-478B-ACD1-EC93323A85DC}.Debug|x86.Deploy.0 = Debug|x86
		{DFE4BF92-AC86-478B-ACD1-EC93323A85DC}.Release|Any CPU.ActiveCfg = Release|x86
		{DFE4BF92-AC86-478B-ACD1-EC93323A85DC}.Release|ARM.ActiveCfg = Release|ARM
		{DFE4BF92-AC86-478B-ACD1-EC93323A85DC}.Release|ARM.Build.0 = Release|ARM
		{DFE4BF92-AC86-478B-ACD1-EC93323A85DC}.Release|ARM.Deploy.0 = Release|ARM
		{DFE4BF92-AC86-478B-ACD1-EC93323A85DC}.Release|iPhone.ActiveCfg = Release|x86
		{DFE4BF92-AC86-478B-ACD1-EC93323A85DC}.Release|iPhoneSimulator.ActiveCfg = Release|x86
		{DFE4BF92-AC86-478B-ACD1-EC93323A85DC}.Release|x64.ActiveCfg = Release|x64
		{DFE4BF92-AC86-478B-ACD1-EC93323A85DC}.Release|x64.Build.0 = Release|x64
		{DFE4BF92-AC86-478B-ACD1-EC93323A85DC}.Release|x64.Deploy.0 = Release|x64
		{DFE4BF92-AC86-478B-ACD1-EC93323A85DC}.Release|x86.ActiveCfg = Release|x86
		{DFE4BF92-AC86-478B-ACD1-EC93323A85DC}.Release|x86.Build.0 = Release|x86
		{DFE4BF92-AC86-478B-ACD1-EC93323A85DC}.Release|x86.Deploy.0 = Release|x86
		{0875D5EF-F6E9-4BBD-85BD-4CC519A71E0A}.Ad-Hoc|Any CPU.ActiveCfg = Debug|Any CPU
		{0875D5EF-F6E9-4BBD-85BD-4CC519A71E0A}.Ad-Hoc|Any CPU.Build.0 = Debug|Any CPU
		{0875D5EF-F6E9-4BBD-85BD-4CC519A71E0A}.Ad-Hoc|ARM.ActiveCfg = Debug|Any CPU
		{0875D5EF-F6E9-4BBD-85BD-4CC519A71E0A}.Ad-Hoc|ARM.Build.0 = Debug|Any CPU
		{0875D5EF-F6E9-4BBD-85BD-4CC519A71E0A}.Ad-Hoc|iPhone.ActiveCfg = Debug|Any CPU
		{0875D5EF-F6E9-4BBD-85BD-4CC519A71E0A}.Ad-Hoc|iPhone.Build.0 = Debug|Any CPU
		{0875D5EF-F6E9-4BBD-85BD-4CC519A71E0A}.Ad-Hoc|iPhoneSimulator.ActiveCfg = Debug|Any CPU
		{0875D5EF-F6E9-4BBD-85BD-4CC519A71E0A}.Ad-Hoc|iPhoneSimulator.Build.0 = Debug|Any CPU
		{0875D5EF-F6E9-4BBD-85BD-4CC519A71E0A}.Ad-Hoc|x64.ActiveCfg = Debug|Any CPU
		{0875D5EF-F6E9-4BBD-85BD-4CC519A71E0A}.Ad-Hoc|x64.Build.0 = Debug|Any CPU
		{0875D5EF-F6E9-4BBD-85BD-4CC519A71E0A}.Ad-Hoc|x86.ActiveCfg = Debug|Any CPU
		{0875D5EF-F6E9-4BBD-85BD-4CC519A71E0A}.Ad-Hoc|x86.Build.0 = Debug|Any CPU
		{0875D5EF-F6E9-4BBD-85BD-4CC519A71E0A}.AppStore|Any CPU.ActiveCfg = Debug|Any CPU
		{0875D5EF-F6E9-4BBD-85BD-4CC519A71E0A}.AppStore|Any CPU.Build.0 = Debug|Any CPU
		{0875D5EF-F6E9-4BBD-85BD-4CC519A71E0A}.AppStore|ARM.ActiveCfg = Debug|Any CPU
		{0875D5EF-F6E9-4BBD-85BD-4CC519A71E0A}.AppStore|ARM.Build.0 = Debug|Any CPU
		{0875D5EF-F6E9-4BBD-85BD-4CC519A71E0A}.AppStore|iPhone.ActiveCfg = Debug|Any CPU
		{0875D5EF-F6E9-4BBD-85BD-4CC519A71E0A}.AppStore|iPhone.Build.0 = Debug|Any CPU
		{0875D5EF-F6E9-4BBD-85BD-4CC519A71E0A}.AppStore|iPhoneSimulator.ActiveCfg = Debug|Any CPU
		{0875D5EF-F6E9-4BBD-85BD-4CC519A71E0A}.AppStore|iPhoneSimulator.Build.0 = Debug|Any CPU
		{0875D5EF-F6E9-4BBD-85BD-4CC519A71E0A}.AppStore|x64.ActiveCfg = Debug|Any CPU
		{0875D5EF-F6E9-4BBD-85BD-4CC519A71E0A}.AppStore|x64.Build.0 = Debug|Any CPU
		{0875D5EF-F6E9-4BBD-85BD-4CC519A71E0A}.AppStore|x86.ActiveCfg = Debug|Any CPU
		{0875D5EF-F6E9-4BBD-85BD-4CC519A71E0A}.AppStore|x86.Build.0 = Debug|Any CPU
		{0875D5EF-F6E9-4BBD-85BD-4CC519A71E0A}.Debug|Any CPU.ActiveCfg = Debug|Any CPU
		{0875D5EF-F6E9-4BBD-85BD-4CC519A71E0A}.Debug|Any CPU.Build.0 = Debug|Any CPU
		{0875D5EF-F6E9-4BBD-85BD-4CC519A71E0A}.Debug|ARM.ActiveCfg = Debug|Any CPU
		{0875D5EF-F6E9-4BBD-85BD-4CC519A71E0A}.Debug|ARM.Build.0 = Debug|Any CPU
		{0875D5EF-F6E9-4BBD-85BD-4CC519A71E0A}.Debug|iPhone.ActiveCfg = Debug|Any CPU
		{0875D5EF-F6E9-4BBD-85BD-4CC519A71E0A}.Debug|iPhone.Build.0 = Debug|Any CPU
		{0875D5EF-F6E9-4BBD-85BD-4CC519A71E0A}.Debug|iPhoneSimulator.ActiveCfg = Debug|Any CPU
		{0875D5EF-F6E9-4BBD-85BD-4CC519A71E0A}.Debug|iPhoneSimulator.Build.0 = Debug|Any CPU
		{0875D5EF-F6E9-4BBD-85BD-4CC519A71E0A}.Debug|x64.ActiveCfg = Debug|Any CPU
		{0875D5EF-F6E9-4BBD-85BD-4CC519A71E0A}.Debug|x64.Build.0 = Debug|Any CPU
		{0875D5EF-F6E9-4BBD-85BD-4CC519A71E0A}.Debug|x86.ActiveCfg = Debug|Any CPU
		{0875D5EF-F6E9-4BBD-85BD-4CC519A71E0A}.Debug|x86.Build.0 = Debug|Any CPU
		{0875D5EF-F6E9-4BBD-85BD-4CC519A71E0A}.Release|Any CPU.ActiveCfg = Release|Any CPU
		{0875D5EF-F6E9-4BBD-85BD-4CC519A71E0A}.Release|Any CPU.Build.0 = Release|Any CPU
		{0875D5EF-F6E9-4BBD-85BD-4CC519A71E0A}.Release|ARM.ActiveCfg = Release|Any CPU
		{0875D5EF-F6E9-4BBD-85BD-4CC519A71E0A}.Release|ARM.Build.0 = Release|Any CPU
		{0875D5EF-F6E9-4BBD-85BD-4CC519A71E0A}.Release|iPhone.ActiveCfg = Release|Any CPU
		{0875D5EF-F6E9-4BBD-85BD-4CC519A71E0A}.Release|iPhone.Build.0 = Release|Any CPU
		{0875D5EF-F6E9-4BBD-85BD-4CC519A71E0A}.Release|iPhoneSimulator.ActiveCfg = Release|Any CPU
		{0875D5EF-F6E9-4BBD-85BD-4CC519A71E0A}.Release|iPhoneSimulator.Build.0 = Release|Any CPU
		{0875D5EF-F6E9-4BBD-85BD-4CC519A71E0A}.Release|x64.ActiveCfg = Release|Any CPU
		{0875D5EF-F6E9-4BBD-85BD-4CC519A71E0A}.Release|x64.Build.0 = Release|Any CPU
		{0875D5EF-F6E9-4BBD-85BD-4CC519A71E0A}.Release|x86.ActiveCfg = Release|Any CPU
		{0875D5EF-F6E9-4BBD-85BD-4CC519A71E0A}.Release|x86.Build.0 = Release|Any CPU
	EndGlobalSection
	GlobalSection(SolutionProperties) = preSolution
		HideSolutionNode = FALSE
	EndGlobalSection
	GlobalSection(NestedProjects) = preSolution
		{37D5E71F-E9D9-48AB-B4CB-2E871358D30C} = {C77DCAB9-C932-4176-8402-3F891907796F}
		{099FDA87-0B48-49D9-B996-C4780B8CB4D9} = {C77DCAB9-C932-4176-8402-3F891907796F}
		{DFE4BF92-AC86-478B-ACD1-EC93323A85DC} = {C77DCAB9-C932-4176-8402-3F891907796F}
		{0875D5EF-F6E9-4BBD-85BD-4CC519A71E0A} = {C77DCAB9-C932-4176-8402-3F891907796F}
	EndGlobalSection
	GlobalSection(ExtensibilityGlobals) = postSolution
		SolutionGuid = {5A42318B-4B1F-4B19-8B1F-1430EF006CBF}
	EndGlobalSection
EndGlobal
